// !$*UTF8*$!
{
	archiveVersion = 1;
	classes = {
	};
	objectVersion = 50;
	objects = {

/* Begin PBXBuildFile section */
		26F6C4D1245BD22000D95963 /* AppDelegate.swift in Sources */ = {isa = PBXBuildFile; fileRef = 26F6C4D0245BD22000D95963 /* AppDelegate.swift */; };
		26F6C4D3245BD22000D95963 /* SceneDelegate.swift in Sources */ = {isa = PBXBuildFile; fileRef = 26F6C4D2245BD22000D95963 /* SceneDelegate.swift */; };
		26F6C4D5245BD22000D95963 /* ViewController.swift in Sources */ = {isa = PBXBuildFile; fileRef = 26F6C4D4245BD22000D95963 /* ViewController.swift */; };
		26F6C4D8245BD22000D95963 /* Main.storyboard in Resources */ = {isa = PBXBuildFile; fileRef = 26F6C4D6245BD22000D95963 /* Main.storyboard */; };
		26F6C4DA245BD22100D95963 /* Assets.xcassets in Resources */ = {isa = PBXBuildFile; fileRef = 26F6C4D9245BD22100D95963 /* Assets.xcassets */; };
		26F6C4DD245BD22100D95963 /* LaunchScreen.storyboard in Resources */ = {isa = PBXBuildFile; fileRef = 26F6C4DB245BD22100D95963 /* LaunchScreen.storyboard */; };
		26F6C4E8245BD22200D95963 /* oneTests.swift in Sources */ = {isa = PBXBuildFile; fileRef = 26F6C4E7245BD22200D95963 /* oneTests.swift */; };
		26F6C4F3245BD22200D95963 /* oneUITests.swift in Sources */ = {isa = PBXBuildFile; fileRef = 26F6C4F2245BD22200D95963 /* oneUITests.swift */; };
		26F6C501245BD29200D95963 /* CircleView.swift in Sources */ = {isa = PBXBuildFile; fileRef = 26F6C500245BD29200D95963 /* CircleView.swift */; };
/* End PBXBuildFile section */

/* Begin PBXContainerItemProxy section */
		26F6C4E4245BD22200D95963 /* PBXContainerItemProxy */ = {
			isa = PBXContainerItemProxy;
			containerPortal = 26F6C4C5245BD22000D95963 /* Project object */;
			proxyType = 1;
			remoteGlobalIDString = 26F6C4CC245BD22000D95963;
			remoteInfo = one;
		};
		26F6C4EF245BD22200D95963 /* PBXContainerItemProxy */ = {
			isa = PBXContainerItemProxy;
			containerPortal = 26F6C4C5245BD22000D95963 /* Project object */;
			proxyType = 1;
			remoteGlobalIDString = 26F6C4CC245BD22000D95963;
			remoteInfo = one;
		};
/* End PBXContainerItemProxy section */

/* Begin PBXFileReference section */
		26F6C4CD245BD22000D95963 /* one.app */ = {isa = PBXFileReference; explicitFileType = wrapper.application; includeInIndex = 0; path = one.app; sourceTree = BUILT_PRODUCTS_DIR; };
		26F6C4D0245BD22000D95963 /* AppDelegate.swift */ = {isa = PBXFileReference; lastKnownFileType = sourcecode.swift; path = AppDelegate.swift; sourceTree = "<group>"; };
		26F6C4D2245BD22000D95963 /* SceneDelegate.swift */ = {isa = PBXFileReference; lastKnownFileType = sourcecode.swift; path = SceneDelegate.swift; sourceTree = "<group>"; };
		26F6C4D4245BD22000D95963 /* ViewController.swift */ = {isa = PBXFileReference; lastKnownFileType = sourcecode.swift; path = ViewController.swift; sourceTree = "<group>"; };
		26F6C4D7245BD22000D95963 /* Base */ = {isa = PBXFileReference; lastKnownFileType = file.storyboard; name = Base; path = Base.lproj/Main.storyboard; sourceTree = "<group>"; };
		26F6C4D9245BD22100D95963 /* Assets.xcassets */ = {isa = PBXFileReference; lastKnownFileType = folder.assetcatalog; path = Assets.xcassets; sourceTree = "<group>"; };
		26F6C4DC245BD22100D95963 /* Base */ = {isa = PBXFileReference; lastKnownFileType = file.storyboard; name = Base; path = Base.lproj/LaunchScreen.storyboard; sourceTree = "<group>"; };
		26F6C4DE245BD22100D95963 /* Info.plist */ = {isa = PBXFileReference; lastKnownFileType = text.plist.xml; path = Info.plist; sourceTree = "<group>"; };
		26F6C4E3245BD22200D95963 /* oneTests.xctest */ = {isa = PBXFileReference; explicitFileType = wrapper.cfbundle; includeInIndex = 0; path = oneTests.xctest; sourceTree = BUILT_PRODUCTS_DIR; };
		26F6C4E7245BD22200D95963 /* oneTests.swift */ = {isa = PBXFileReference; lastKnownFileType = sourcecode.swift; path = oneTests.swift; sourceTree = "<group>"; };
		26F6C4E9245BD22200D95963 /* Info.plist */ = {isa = PBXFileReference; lastKnownFileType = text.plist.xml; path = Info.plist; sourceTree = "<group>"; };
		26F6C4EE245BD22200D95963 /* oneUITests.xctest */ = {isa = PBXFileReference; explicitFileType = wrapper.cfbundle; includeInIndex = 0; path = oneUITests.xctest; sourceTree = BUILT_PRODUCTS_DIR; };
		26F6C4F2245BD22200D95963 /* oneUITests.swift */ = {isa = PBXFileReference; lastKnownFileType = sourcecode.swift; path = oneUITests.swift; sourceTree = "<group>"; };
		26F6C4F4245BD22200D95963 /* Info.plist */ = {isa = PBXFileReference; lastKnownFileType = text.plist.xml; path = Info.plist; sourceTree = "<group>"; };
		26F6C500245BD29200D95963 /* CircleView.swift */ = {isa = PBXFileReference; lastKnownFileType = sourcecode.swift; path = CircleView.swift; sourceTree = "<group>"; };
/* End PBXFileReference section */

/* Begin PBXFrameworksBuildPhase section */
		26F6C4CA245BD22000D95963 /* Frameworks */ = {
			isa = PBXFrameworksBuildPhase;
			buildActionMask = 2147483647;
			files = (
			);
			runOnlyForDeploymentPostprocessing = 0;
		};
		26F6C4E0245BD22200D95963 /* Frameworks */ = {
			isa = PBXFrameworksBuildPhase;
			buildActionMask = 2147483647;
			files = (
			);
			runOnlyForDeploymentPostprocessing = 0;
		};
		26F6C4EB245BD22200D95963 /* Frameworks */ = {
			isa = PBXFrameworksBuildPhase;
			buildActionMask = 2147483647;
			files = (
			);
			runOnlyForDeploymentPostprocessing = 0;
		};
/* End PBXFrameworksBuildPhase section */

/* Begin PBXGroup section */
		26F6C4C4245BD22000D95963 = {
			isa = PBXGroup;
			children = (
				26F6C4CF245BD22000D95963 /* one */,
				26F6C4E6245BD22200D95963 /* oneTests */,
				26F6C4F1245BD22200D95963 /* oneUITests */,
				26F6C4CE245BD22000D95963 /* Products */,
			);
			sourceTree = "<group>";
		};
		26F6C4CE245BD22000D95963 /* Products */ = {
			isa = PBXGroup;
			children = (
				26F6C4CD245BD22000D95963 /* one.app */,
				26F6C4E3245BD22200D95963 /* oneTests.xctest */,
				26F6C4EE245BD22200D95963 /* oneUITests.xctest */,
			);
			name = Products;
			sourceTree = "<group>";
		};
		26F6C4CF245BD22000D95963 /* one */ = {
			isa = PBXGroup;
			children = (
				26F6C4D0245BD22000D95963 /* AppDelegate.swift */,
				26F6C4D2245BD22000D95963 /* SceneDelegate.swift */,
				26F6C4D4245BD22000D95963 /* ViewController.swift */,
				26F6C4D6245BD22000D95963 /* Main.storyboard */,
				26F6C4D9245BD22100D95963 /* Assets.xcassets */,
				26F6C4DB245BD22100D95963 /* LaunchScreen.storyboard */,
				26F6C4DE245BD22100D95963 /* Info.plist */,
				26F6C500245BD29200D95963 /* CircleView.swift */,
			);
			path = one;
			sourceTree = "<group>";
		};
		26F6C4E6245BD22200D95963 /* oneTests */ = {
			isa = PBXGroup;
			children = (
				26F6C4E7245BD22200D95963 /* oneTests.swift */,
				26F6C4E9245BD22200D95963 /* Info.plist */,
			);
			path = oneTests;
			sourceTree = "<group>";
		};
		26F6C4F1245BD22200D95963 /* oneUITests */ = {
			isa = PBXGroup;
			children = (
				26F6C4F2245BD22200D95963 /* oneUITests.swift */,
				26F6C4F4245BD22200D95963 /* Info.plist */,
			);
			path = oneUITests;
			sourceTree = "<group>";
		};
/* End PBXGroup section */

/* Begin PBXNativeTarget section */
		26F6C4CC245BD22000D95963 /* one */ = {
			isa = PBXNativeTarget;
			buildConfigurationList = 26F6C4F7245BD22200D95963 /* Build configuration list for PBXNativeTarget "one" */;
			buildPhases = (
				26F6C4C9245BD22000D95963 /* Sources */,
				26F6C4CA245BD22000D95963 /* Frameworks */,
				26F6C4CB245BD22000D95963 /* Resources */,
			);
			buildRules = (
			);
			dependencies = (
			);
			name = one;
			productName = one;
			productReference = 26F6C4CD245BD22000D95963 /* one.app */;
			productType = "com.apple.product-type.application";
		};
		26F6C4E2245BD22200D95963 /* oneTests */ = {
			isa = PBXNativeTarget;
			buildConfigurationList = 26F6C4FA245BD22200D95963 /* Build configuration list for PBXNativeTarget "oneTests" */;
			buildPhases = (
				26F6C4DF245BD22200D95963 /* Sources */,
				26F6C4E0245BD22200D95963 /* Frameworks */,
				26F6C4E1245BD22200D95963 /* Resources */,
			);
			buildRules = (
			);
			dependencies = (
				26F6C4E5245BD22200D95963 /* PBXTargetDependency */,
			);
			name = oneTests;
			productName = oneTests;
			productReference = 26F6C4E3245BD22200D95963 /* oneTests.xctest */;
			productType = "com.apple.product-type.bundle.unit-test";
		};
		26F6C4ED245BD22200D95963 /* oneUITests */ = {
			isa = PBXNativeTarget;
			buildConfigurationList = 26F6C4FD245BD22200D95963 /* Build configuration list for PBXNativeTarget "oneUITests" */;
			buildPhases = (
				26F6C4EA245BD22200D95963 /* Sources */,
				26F6C4EB245BD22200D95963 /* Frameworks */,
				26F6C4EC245BD22200D95963 /* Resources */,
			);
			buildRules = (
			);
			dependencies = (
				26F6C4F0245BD22200D95963 /* PBXTargetDependency */,
			);
			name = oneUITests;
			productName = oneUITests;
			productReference = 26F6C4EE245BD22200D95963 /* oneUITests.xctest */;
			productType = "com.apple.product-type.bundle.ui-testing";
		};
/* End PBXNativeTarget section */

/* Begin PBXProject section */
		26F6C4C5245BD22000D95963 /* Project object */ = {
			isa = PBXProject;
			attributes = {
				LastSwiftUpdateCheck = 1140;
				LastUpgradeCheck = 1140;
				ORGANIZATIONNAME = "Jz D";
				TargetAttributes = {
					26F6C4CC245BD22000D95963 = {
						CreatedOnToolsVersion = 11.4;
					};
					26F6C4E2245BD22200D95963 = {
						CreatedOnToolsVersion = 11.4;
						TestTargetID = 26F6C4CC245BD22000D95963;
					};
					26F6C4ED245BD22200D95963 = {
						CreatedOnToolsVersion = 11.4;
						TestTargetID = 26F6C4CC245BD22000D95963;
					};
				};
			};
			buildConfigurationList = 26F6C4C8245BD22000D95963 /* Build configuration list for PBXProject "one" */;
			compatibilityVersion = "Xcode 9.3";
			developmentRegion = en;
			hasScannedForEncodings = 0;
			knownRegions = (
				en,
				Base,
			);
			mainGroup = 26F6C4C4245BD22000D95963;
			productRefGroup = 26F6C4CE245BD22000D95963 /* Products */;
			projectDirPath = "";
			projectRoot = "";
			targets = (
				26F6C4CC245BD22000D95963 /* one */,
				26F6C4E2245BD22200D95963 /* oneTests */,
				26F6C4ED245BD22200D95963 /* oneUITests */,
			);
		};
/* End PBXProject section */

/* Begin PBXResourcesBuildPhase section */
		26F6C4CB245BD22000D95963 /* Resources */ = {
			isa = PBXResourcesBuildPhase;
			buildActionMask = 2147483647;
			files = (
				26F6C4DD245BD22100D95963 /* LaunchScreen.storyboard in Resources */,
				26F6C4DA245BD22100D95963 /* Assets.xcassets in Resources */,
				26F6C4D8245BD22000D95963 /* Main.storyboard in Resources */,
			);
			runOnlyForDeploymentPostprocessing = 0;
		};
		26F6C4E1245BD22200D95963 /* Resources */ = {
			isa = PBXResourcesBuildPhase;
			buildActionMask = 2147483647;
			files = (
			);
			runOnlyForDeploymentPostprocessing = 0;
		};
		26F6C4EC245BD22200D95963 /* Resources */ = {
			isa = PBXResourcesBuildPhase;
			buildActionMask = 2147483647;
			files = (
			);
			runOnlyForDeploymentPostprocessing = 0;
		};
/* End PBXResourcesBuildPhase section */

/* Begin PBXSourcesBuildPhase section */
		26F6C4C9245BD22000D95963 /* Sources */ = {
			isa = PBXSourcesBuildPhase;
			buildActionMask = 2147483647;
			files = (
				26F6C501245BD29200D95963 /* CircleView.swift in Sources */,
				26F6C4D5245BD22000D95963 /* ViewController.swift in Sources */,
				26F6C4D1245BD22000D95963 /* AppDelegate.swift in Sources */,
				26F6C4D3245BD22000D95963 /* SceneDelegate.swift in Sources */,
			);
			runOnlyForDeploymentPostprocessing = 0;
		};
		26F6C4DF245BD22200D95963 /* Sources */ = {
			isa = PBXSourcesBuildPhase;
			buildActionMask = 2147483647;
			files = (
				26F6C4E8245BD22200D95963 /* oneTests.swift in Sources */,
			);
			runOnlyForDeploymentPostprocessing = 0;
		};
		26F6C4EA245BD22200D95963 /* Sources */ = {
			isa = PBXSourcesBuildPhase;
			buildActionMask = 2147483647;
			files = (
				26F6C4F3245BD22200D95963 /* oneUITests.swift in Sources */,
			);
			runOnlyForDeploymentPostprocessing = 0;
		};
/* End PBXSourcesBuildPhase section */

/* Begin PBXTargetDependency section */
		26F6C4E5245BD22200D95963 /* PBXTargetDependency */ = {
			isa = PBXTargetDependency;
			target = 26F6C4CC245BD22000D95963 /* one */;
			targetProxy = 26F6C4E4245BD22200D95963 /* PBXContainerItemProxy */;
		};
		26F6C4F0245BD22200D95963 /* PBXTargetDependency */ = {
			isa = PBXTargetDependency;
			target = 26F6C4CC245BD22000D95963 /* one */;
			targetProxy = 26F6C4EF245BD22200D95963 /* PBXContainerItemProxy */;
		};
/* End PBXTargetDependency section */

/* Begin PBXVariantGroup section */
		26F6C4D6245BD22000D95963 /* Main.storyboard */ = {
			isa = PBXVariantGroup;
			children = (
				26F6C4D7245BD22000D95963 /* Base */,
			);
			name = Main.storyboard;
			sourceTree = "<group>";
		};
		26F6C4DB245BD22100D95963 /* LaunchScreen.storyboard */ = {
			isa = PBXVariantGroup;
			children = (
				26F6C4DC245BD22100D95963 /* Base */,
			);
			name = LaunchScreen.storyboard;
			sourceTree = "<group>";
		};
/* End PBXVariantGroup section */

/* Begin XCBuildConfiguration section */
		26F6C4F5245BD22200D95963 /* Debug */ = {
			isa = XCBuildConfiguration;
			buildSettings = {
				ALWAYS_SEARCH_USER_PATHS = NO;
				CLANG_ANALYZER_NONNULL = YES;
				CLANG_ANALYZER_NUMBER_OBJECT_CONVERSION = YES_AGGRESSIVE;
				CLANG_CXX_LANGUAGE_STANDARD = "gnu++14";
				CLANG_CXX_LIBRARY = "libc++";
				CLANG_ENABLE_MODULES = YES;
				CLANG_ENABLE_OBJC_ARC = YES;
				CLANG_ENABLE_OBJC_WEAK = YES;
				CLANG_WARN_BLOCK_CAPTURE_AUTORELEASING = YES;
				CLANG_WARN_BOOL_CONVERSION = YES;
				CLANG_WARN_COMMA = YES;
				CLANG_WARN_CONSTANT_CONVERSION = YES;
				CLANG_WARN_DEPRECATED_OBJC_IMPLEMENTATIONS = YES;
				CLANG_WARN_DIRECT_OBJC_ISA_USAGE = YES_ERROR;
				CLANG_WARN_DOCUMENTATION_COMMENTS = YES;
				CLANG_WARN_EMPTY_BODY = YES;
				CLANG_WARN_ENUM_CONVERSION = YES;
				CLANG_WARN_INFINITE_RECURSION = YES;
				CLANG_WARN_INT_CONVERSION = YES;
				CLANG_WARN_NON_LITERAL_NULL_CONVERSION = YES;
				CLANG_WARN_OBJC_IMPLICIT_RETAIN_SELF = YES;
				CLANG_WARN_OBJC_LITERAL_CONVERSION = YES;
				CLANG_WARN_OBJC_ROOT_CLASS = YES_ERROR;
				CLANG_WARN_RANGE_LOOP_ANALYSIS = YES;
				CLANG_WARN_STRICT_PROTOTYPES = YES;
				CLANG_WARN_SUSPICIOUS_MOVE = YES;
				CLANG_WARN_UNGUARDED_AVAILABILITY = YES_AGGRESSIVE;
				CLANG_WARN_UNREACHABLE_CODE = YES;
				CLANG_WARN__DUPLICATE_METHOD_MATCH = YES;
				COPY_PHASE_STRIP = NO;
				DEBUG_INFORMATION_FORMAT = dwarf;
				ENABLE_STRICT_OBJC_MSGSEND = YES;
				ENABLE_TESTABILITY = YES;
				GCC_C_LANGUAGE_STANDARD = gnu11;
				GCC_DYNAMIC_NO_PIC = NO;
				GCC_NO_COMMON_BLOCKS = YES;
				GCC_OPTIMIZATION_LEVEL = 0;
				GCC_PREPROCESSOR_DEFINITIONS = (
					"DEBUG=1",
					"$(inherited)",
				);
				GCC_WARN_64_TO_32_BIT_CONVERSION = YES;
				GCC_WARN_ABOUT_RETURN_TYPE = YES_ERROR;
				GCC_WARN_UNDECLARED_SELECTOR = YES;
				GCC_WARN_UNINITIALIZED_AUTOS = YES_AGGRESSIVE;
				GCC_WARN_UNUSED_FUNCTION = YES;
				GCC_WARN_UNUSED_VARIABLE = YES;
				IPHONEOS_DEPLOYMENT_TARGET = 13.4;
				MTL_ENABLE_DEBUG_INFO = INCLUDE_SOURCE;
				MTL_FAST_MATH = YES;
				ONLY_ACTIVE_ARCH = YES;
				SDKROOT = iphoneos;
				SWIFT_ACTIVE_COMPILATION_CONDITIONS = DEBUG;
				SWIFT_OPTIMIZATION_LEVEL = "-Onone";
			};
			name = Debug;
		};
		26F6C4F6245BD22200D95963 /* Release */ = {
			isa = XCBuildConfiguration;
			buildSettings = {
				ALWAYS_SEARCH_USER_PATHS = NO;
				CLANG_ANALYZER_NONNULL = YES;
				CLANG_ANALYZER_NUMBER_OBJECT_CONVERSION = YES_AGGRESSIVE;
				CLANG_CXX_LANGUAGE_STANDARD = "gnu++14";
				CLANG_CXX_LIBRARY = "libc++";
				CLANG_ENABLE_MODULES = YES;
				CLANG_ENABLE_OBJC_ARC = YES;
				CLANG_ENABLE_OBJC_WEAK = YES;
				CLANG_WARN_BLOCK_CAPTURE_AUTORELEASING = YES;
				CLANG_WARN_BOOL_CONVERSION = YES;
				CLANG_WARN_COMMA = YES;
				CLANG_WARN_CONSTANT_CONVERSION = YES;
				CLANG_WARN_DEPRECATED_OBJC_IMPLEMENTATIONS = YES;
				CLANG_WARN_DIRECT_OBJC_ISA_USAGE = YES_ERROR;
				CLANG_WARN_DOCUMENTATION_COMMENTS = YES;
				CLANG_WARN_EMPTY_BODY = YES;
				CLANG_WARN_ENUM_CONVERSION = YES;
				CLANG_WARN_INFINITE_RECURSION = YES;
				CLANG_WARN_INT_CONVERSION = YES;
				CLANG_WARN_NON_LITERAL_NULL_CONVERSION = YES;
				CLANG_WARN_OBJC_IMPLICIT_RETAIN_SELF = YES;
				CLANG_WARN_OBJC_LITERAL_CONVERSION = YES;
				CLANG_WARN_OBJC_ROOT_CLASS = YES_ERROR;
				CLANG_WARN_RANGE_LOOP_ANALYSIS = YES;
				CLANG_WARN_STRICT_PROTOTYPES = YES;
				CLANG_WARN_SUSPICIOUS_MOVE = YES;
				CLANG_WARN_UNGUARDED_AVAILABILITY = YES_AGGRESSIVE;
				CLANG_WARN_UNREACHABLE_CODE = YES;
				CLANG_WARN__DUPLICATE_METHOD_MATCH = YES;
				COPY_PHASE_STRIP = NO;
				DEBUG_INFORMATION_FORMAT = "dwarf-with-dsym";
				ENABLE_NS_ASSERTIONS = NO;
				ENABLE_STRICT_OBJC_MSGSEND = YES;
				GCC_C_LANGUAGE_STANDARD = gnu11;
				GCC_NO_COMMON_BLOCKS = YES;
				GCC_WARN_64_TO_32_BIT_CONVERSION = YES;
				GCC_WARN_ABOUT_RETURN_TYPE = YES_ERROR;
				GCC_WARN_UNDECLARED_SELECTOR = YES;
				GCC_WARN_UNINITIALIZED_AUTOS = YES_AGGRESSIVE;
				GCC_WARN_UNUSED_FUNCTION = YES;
				GCC_WARN_UNUSED_VARIABLE = YES;
				IPHONEOS_DEPLOYMENT_TARGET = 13.4;
				MTL_ENABLE_DEBUG_INFO = NO;
				MTL_FAST_MATH = YES;
				SDKROOT = iphoneos;
				SWIFT_COMPILATION_MODE = wholemodule;
				SWIFT_OPTIMIZATION_LEVEL = "-O";
				VALIDATE_PRODUCT = YES;
			};
			name = Release;
		};
		26F6C4F8245BD22200D95963 /* Debug */ = {
			isa = XCBuildConfiguration;
			buildSettings = {
				ASSETCATALOG_COMPILER_APPICON_NAME = AppIcon;
				CODE_SIGN_STYLE = Automatic;
				DEVELOPMENT_TEAM = D878P8TW6L;
				INFOPLIST_FILE = one/Info.plist;
				IPHONEOS_DEPLOYMENT_TARGET = 13.2;
				LD_RUNPATH_SEARCH_PATHS = (
					"$(inherited)",
					"@executable_path/Frameworks",
				);
				PRODUCT_BUNDLE_IDENTIFIER = com.photod.mnc.one;
				PRODUCT_NAME = "$(TARGET_NAME)";
				SWIFT_VERSION = 5.0;
				TARGETED_DEVICE_FAMILY = "1,2";
			};
			name = Debug;
		};
		26F6C4F9245BD22200D95963 /* Release */ = {
			isa = XCBuildConfiguration;
			buildSettings = {
				ASSETCATALOG_COMPILER_APPICON_NAME = AppIcon;
				CODE_SIGN_STYLE = Automatic;
				DEVELOPMENT_TEAM = D878P8TW6L;
				INFOPLIST_FILE = one/Info.plist;
				IPHONEOS_DEPLOYMENT_TARGET = 13.2;
				LD_RUNPATH_SEARCH_PATHS = (
					"$(inherited)",
					"@executable_path/Frameworks",
				);
				PRODUCT_BUNDLE_IDENTIFIER = com.photod.mnc.one;
				PRODUCT_NAME = "$(TARGET_NAME)";
				SWIFT_VERSION = 5.0;
				TARGETED_DEVICE_FAMILY = "1,2";
			};
			name = Release;
		};
		26F6C4FB245BD22200D95963 /* Debug */ = {
			isa = XCBuildConfiguration;
			buildSettings = {
				ALWAYS_EMBED_SWIFT_STANDARD_LIBRARIES = YES;
				BUNDLE_LOADER = "$(TEST_HOST)";
				CODE_SIGN_STYLE = Automatic;
				DEVELOPMENT_TEAM = D878P8TW6L;
				INFOPLIST_FILE = oneTests/Info.plist;
				IPHONEOS_DEPLOYMENT_TARGET = 13.4;
				LD_RUNPATH_SEARCH_PATHS = (
					"$(inherited)",
					"@executable_path/Frameworks",
					"@loader_path/Frameworks",
				);
				PRODUCT_BUNDLE_IDENTIFIER = com.photod.mnc.oneTests;
				PRODUCT_NAME = "$(TARGET_NAME)";
				SWIFT_VERSION = 5.0;
				TARGETED_DEVICE_FAMILY = "1,2";
				TEST_HOST = "$(BUILT_PRODUCTS_DIR)/one.app/one";
			};
			name = Debug;
		};
		26F6C4FC245BD22200D95963 /* Release */ = {
			isa = XCBuildConfiguration;
			buildSettings = {
				ALWAYS_EMBED_SWIFT_STANDARD_LIBRARIES = YES;
				BUNDLE_LOADER = "$(TEST_HOST)";
				CODE_SIGN_STYLE = Automatic;
				DEVELOPMENT_TEAM = D878P8TW6L;
				INFOPLIST_FILE = oneTests/Info.plist;
				IPHONEOS_DEPLOYMENT_TARGET = 13.4;
				LD_RUNPATH_SEARCH_PATHS = (
					"$(inherited)",
					"@executable_path/Frameworks",
					"@loader_path/Frameworks",
				);
				PRODUCT_BUNDLE_IDENTIFIER = com.photod.mnc.oneTests;
				PRODUCT_NAME = "$(TARGET_NAME)";
				SWIFT_VERSION = 5.0;
				TARGETED_DEVICE_FAMILY = "1,2";
				TEST_HOST = "$(BUILT_PRODUCTS_DIR)/one.app/one";
			};
			name = Release;
		};
		26F6C4FE245BD22200D95963 /* Debug */ = {
			isa = XCBuildConfiguration;
			buildSettings = {
				ALWAYS_EMBED_SWIFT_STANDARD_LIBRARIES = YES;
				CODE_SIGN_STYLE = Automatic;
				DEVELOPMENT_TEAM = D878P8TW6L;
				INFOPLIST_FILE = oneUITests/Info.plist;
				LD_RUNPATH_SEARCH_PATHS = (
					"$(inherited)",
					"@executable_path/Frameworks",
					"@loader_path/Frameworks",
				);
				PRODUCT_BUNDLE_IDENTIFIER = com.photod.mnc.oneUITests;
				PRODUCT_NAME = "$(TARGET_NAME)";
				SWIFT_VERSION = 5.0;
				TARGETED_DEVICE_FAMILY = "1,2";
				TEST_TARGET_NAME = one;
			};
			name = Debug;
		};
		26F6C4FF245BD22200D95963 /* Release */ = {
			isa = XCBuildConfiguration;
			buildSettings = {
				ALWAYS_EMBED_SWIFT_STANDARD_LIBRARIES = YES;
				CODE_SIGN_STYLE = Automatic;
				DEVELOPMENT_TEAM = D878P8TW6L;
				INFOPLIST_FILE = oneUITests/Info.plist;
				LD_RUNPATH_SEARCH_PATHS = (
					"$(inherited)",
					"@executable_path/Frameworks",
					"@loader_path/Frameworks",
				);
				PRODUCT_BUNDLE_IDENTIFIER = com.photod.mnc.oneUITests;
				PRODUCT_NAME = "$(TARGET_NAME)";
				SWIFT_VERSION = 5.0;
				TARGETED_DEVICE_FAMILY = "1,2";
				TEST_TARGET_NAME = one;
			};
			name = Release;
		};
/* End XCBuildConfiguration section */

/* Begin XCConfigurationList section */
		26F6C4C8245BD22000D95963 /* Build configuration list for PBXProject "one" */ = {
			isa = XCConfigurationList;
			buildConfigurations = (
				26F6C4F5245BD22200D95963 /* Debug */,
				26F6C4F6245BD22200D95963 /* Release */,
			);
			defaultConfigurationIsVisible = 0;
			defaultConfigurationName = Release;
		};
		26F6C4F7245BD22200D95963 /* Build configuration list for PBXNativeTarget "one" */ = {
			isa = XCConfigurationList;
			buildConfigurations = (
				26F6C4F8245BD22200D95963 /* Debug */,
				26F6C4F9245BD22200D95963 /* Release */,
			);
			defaultConfigurationIsVisible = 0;
			defaultConfigurationName = Release;
		};
		26F6C4FA245BD22200D95963 /* Build configuration list for PBXNativeTarget "oneTests" */ = {
			isa = XCConfigurationList;
			buildConfigurations = (
				26F6C4FB245BD22200D95963 /* Debug */,
				26F6C4FC245BD22200D95963 /* Release */,
			);
			defaultConfigurationIsVisible = 0;
			defaultConfigurationName = Release;
		};
		26F6C4FD245BD22200D95963 /* Build configuration list for PBXNativeTarget "oneUITests" */ = {
			isa = XCConfigurationList;
			buildConfigurations = (
				26F6C4FE245BD22200D95963 /* Debug */,
				26F6C4FF245BD22200D95963 /* Release */,
			);
			defaultConfigurationIsVisible = 0;
			defaultConfigurationName = Release;
		};
/* End XCConfigurationList section */
	};
	rootObject = 26F6C4C5245BD22000D95963 /* Project object */;
}
