// !$*UTF8*$!
{
	archiveVersion = 1;
	classes = {
	};
	objectVersion = 50;
	objects = {

/* Begin PBXBuildFile section */
		26741346240E9A7200F21D5E /* AppDelegate.swift in Sources */ = {isa = PBXBuildFile; fileRef = 26741345240E9A7200F21D5E /* AppDelegate.swift */; };
		26741348240E9A7200F21D5E /* SceneDelegate.swift in Sources */ = {isa = PBXBuildFile; fileRef = 26741347240E9A7200F21D5E /* SceneDelegate.swift */; };
		2674134D240E9A7200F21D5E /* Main.storyboard in Resources */ = {isa = PBXBuildFile; fileRef = 2674134B240E9A7200F21D5E /* Main.storyboard */; };
		2674134F240E9A7400F21D5E /* Assets.xcassets in Resources */ = {isa = PBXBuildFile; fileRef = 2674134E240E9A7400F21D5E /* Assets.xcassets */; };
		26741352240E9A7400F21D5E /* LaunchScreen.storyboard in Resources */ = {isa = PBXBuildFile; fileRef = 26741350240E9A7400F21D5E /* LaunchScreen.storyboard */; };
		2674135D240E9A7400F21D5E /* BlinkAnimaTests.swift in Sources */ = {isa = PBXBuildFile; fileRef = 2674135C240E9A7400F21D5E /* BlinkAnimaTests.swift */; };
		26741368240E9A7400F21D5E /* BlinkAnimaUITests.swift in Sources */ = {isa = PBXBuildFile; fileRef = 26741367240E9A7400F21D5E /* BlinkAnimaUITests.swift */; };
		26741390240E9ACE00F21D5E /* AnimationViewController.swift in Sources */ = {isa = PBXBuildFile; fileRef = 26741376240E9ACD00F21D5E /* AnimationViewController.swift */; };
		26741391240E9ACE00F21D5E /* ButtonViewController.swift in Sources */ = {isa = PBXBuildFile; fileRef = 26741377240E9ACD00F21D5E /* ButtonViewController.swift */; };
		26741392240E9ACE00F21D5E /* TextFieldViewController.swift in Sources */ = {isa = PBXBuildFile; fileRef = 26741378240E9ACD00F21D5E /* TextFieldViewController.swift */; };
		26741393240E9ACE00F21D5E /* LabelViewController.swift in Sources */ = {isa = PBXBuildFile; fileRef = 26741379240E9ACD00F21D5E /* LabelViewController.swift */; };
		26741394240E9ACE00F21D5E /* CollectionViewController.swift in Sources */ = {isa = PBXBuildFile; fileRef = 2674137A240E9ACD00F21D5E /* CollectionViewController.swift */; };
		26741395240E9ACE00F21D5E /* SYTableViewCell.swift in Sources */ = {isa = PBXBuildFile; fileRef = 2674137C240E9ACD00F21D5E /* SYTableViewCell.swift */; };
		26741396240E9ACE00F21D5E /* SYView.swift in Sources */ = {isa = PBXBuildFile; fileRef = 2674137D240E9ACD00F21D5E /* SYView.swift */; };
		26741397240E9ACE00F21D5E /* SYLabel.swift in Sources */ = {isa = PBXBuildFile; fileRef = 2674137E240E9ACD00F21D5E /* SYLabel.swift */; };
		26741398240E9ACE00F21D5E /* SYTextField.swift in Sources */ = {isa = PBXBuildFile; fileRef = 2674137F240E9ACD00F21D5E /* SYTextField.swift */; };
		2674139A240E9ACE00F21D5E /* SYCollectionViewCell.swift in Sources */ = {isa = PBXBuildFile; fileRef = 26741381240E9ACD00F21D5E /* SYCollectionViewCell.swift */; };
		2674139B240E9ACE00F21D5E /* BlinkBtn.swift in Sources */ = {isa = PBXBuildFile; fileRef = 26741382240E9ACD00F21D5E /* BlinkBtn.swift */; };
		2674139C240E9ACE00F21D5E /* TableViewController.swift in Sources */ = {isa = PBXBuildFile; fileRef = 26741383240E9ACD00F21D5E /* TableViewController.swift */; };
		2674139D240E9ACE00F21D5E /* UIColorExtension.swift in Sources */ = {isa = PBXBuildFile; fileRef = 26741385240E9ACD00F21D5E /* UIColorExtension.swift */; };
		2674139E240E9ACE00F21D5E /* TextConvertible.swift in Sources */ = {isa = PBXBuildFile; fileRef = 26741386240E9ACD00F21D5E /* TextConvertible.swift */; };
		2674139F240E9ACE00F21D5E /* AnimatableComponent.swift in Sources */ = {isa = PBXBuildFile; fileRef = 26741387240E9ACD00F21D5E /* AnimatableComponent.swift */; };
		267413A0240E9ACE00F21D5E /* Animatable.swift in Sources */ = {isa = PBXBuildFile; fileRef = 26741388240E9ACD00F21D5E /* Animatable.swift */; };
		267413A1240E9ACE00F21D5E /* CABasicAnimationExtension.swift in Sources */ = {isa = PBXBuildFile; fileRef = 26741389240E9ACD00F21D5E /* CABasicAnimationExtension.swift */; };
		267413A3240E9ACE00F21D5E /* CollectionViewCell.swift in Sources */ = {isa = PBXBuildFile; fileRef = 2674138C240E9ACE00F21D5E /* CollectionViewCell.swift */; };
		267413A4240E9ACE00F21D5E /* ExampleTableViewCell.xib in Resources */ = {isa = PBXBuildFile; fileRef = 2674138D240E9ACE00F21D5E /* ExampleTableViewCell.xib */; };
		267413A5240E9ACE00F21D5E /* CollectionViewCell.xib in Resources */ = {isa = PBXBuildFile; fileRef = 2674138E240E9ACE00F21D5E /* CollectionViewCell.xib */; };
		267413A6240E9ACE00F21D5E /* ExampleTableViewCell.swift in Sources */ = {isa = PBXBuildFile; fileRef = 2674138F240E9ACE00F21D5E /* ExampleTableViewCell.swift */; };
		267D3502240F4960000BA779 /* AnimaLayer.swift in Sources */ = {isa = PBXBuildFile; fileRef = 267D3501240F4960000BA779 /* AnimaLayer.swift */; };
		267D3516240F6466000BA779 /* BlinkLayoutBtn.swift in Sources */ = {isa = PBXBuildFile; fileRef = 267D3515240F6466000BA779 /* BlinkLayoutBtn.swift */; };
/* End PBXBuildFile section */

/* Begin PBXContainerItemProxy section */
		26741359240E9A7400F21D5E /* PBXContainerItemProxy */ = {
			isa = PBXContainerItemProxy;
			containerPortal = 2674133A240E9A7200F21D5E /* Project object */;
			proxyType = 1;
			remoteGlobalIDString = 26741341240E9A7200F21D5E;
			remoteInfo = BlinkAnima;
		};
		26741364240E9A7400F21D5E /* PBXContainerItemProxy */ = {
			isa = PBXContainerItemProxy;
			containerPortal = 2674133A240E9A7200F21D5E /* Project object */;
			proxyType = 1;
			remoteGlobalIDString = 26741341240E9A7200F21D5E;
			remoteInfo = BlinkAnima;
		};
/* End PBXContainerItemProxy section */

/* Begin PBXFileReference section */
		26741342240E9A7200F21D5E /* BlinkAnima.app */ = {isa = PBXFileReference; explicitFileType = wrapper.application; includeInIndex = 0; path = BlinkAnima.app; sourceTree = BUILT_PRODUCTS_DIR; };
		26741345240E9A7200F21D5E /* AppDelegate.swift */ = {isa = PBXFileReference; lastKnownFileType = sourcecode.swift; path = AppDelegate.swift; sourceTree = "<group>"; };
		26741347240E9A7200F21D5E /* SceneDelegate.swift */ = {isa = PBXFileReference; lastKnownFileType = sourcecode.swift; path = SceneDelegate.swift; sourceTree = "<group>"; };
		2674134C240E9A7200F21D5E /* Base */ = {isa = PBXFileReference; lastKnownFileType = file.storyboard; name = Base; path = Base.lproj/Main.storyboard; sourceTree = "<group>"; };
		2674134E240E9A7400F21D5E /* Assets.xcassets */ = {isa = PBXFileReference; lastKnownFileType = folder.assetcatalog; path = Assets.xcassets; sourceTree = "<group>"; };
		26741351240E9A7400F21D5E /* Base */ = {isa = PBXFileReference; lastKnownFileType = file.storyboard; name = Base; path = Base.lproj/LaunchScreen.storyboard; sourceTree = "<group>"; };
		26741353240E9A7400F21D5E /* Info.plist */ = {isa = PBXFileReference; lastKnownFileType = text.plist.xml; path = Info.plist; sourceTree = "<group>"; };
		26741358240E9A7400F21D5E /* BlinkAnimaTests.xctest */ = {isa = PBXFileReference; explicitFileType = wrapper.cfbundle; includeInIndex = 0; path = BlinkAnimaTests.xctest; sourceTree = BUILT_PRODUCTS_DIR; };
		2674135C240E9A7400F21D5E /* BlinkAnimaTests.swift */ = {isa = PBXFileReference; lastKnownFileType = sourcecode.swift; path = BlinkAnimaTests.swift; sourceTree = "<group>"; };
		2674135E240E9A7400F21D5E /* Info.plist */ = {isa = PBXFileReference; lastKnownFileType = text.plist.xml; path = Info.plist; sourceTree = "<group>"; };
		26741363240E9A7400F21D5E /* BlinkAnimaUITests.xctest */ = {isa = PBXFileReference; explicitFileType = wrapper.cfbundle; includeInIndex = 0; path = BlinkAnimaUITests.xctest; sourceTree = BUILT_PRODUCTS_DIR; };
		26741367240E9A7400F21D5E /* BlinkAnimaUITests.swift */ = {isa = PBXFileReference; lastKnownFileType = sourcecode.swift; path = BlinkAnimaUITests.swift; sourceTree = "<group>"; };
		26741369240E9A7400F21D5E /* Info.plist */ = {isa = PBXFileReference; lastKnownFileType = text.plist.xml; path = Info.plist; sourceTree = "<group>"; };
		26741376240E9ACD00F21D5E /* AnimationViewController.swift */ = {isa = PBXFileReference; fileEncoding = 4; lastKnownFileType = sourcecode.swift; path = AnimationViewController.swift; sourceTree = "<group>"; };
		26741377240E9ACD00F21D5E /* ButtonViewController.swift */ = {isa = PBXFileReference; fileEncoding = 4; lastKnownFileType = sourcecode.swift; path = ButtonViewController.swift; sourceTree = "<group>"; };
		26741378240E9ACD00F21D5E /* TextFieldViewController.swift */ = {isa = PBXFileReference; fileEncoding = 4; lastKnownFileType = sourcecode.swift; path = TextFieldViewController.swift; sourceTree = "<group>"; };
		26741379240E9ACD00F21D5E /* LabelViewController.swift */ = {isa = PBXFileReference; fileEncoding = 4; lastKnownFileType = sourcecode.swift; path = LabelViewController.swift; sourceTree = "<group>"; };
		2674137A240E9ACD00F21D5E /* CollectionViewController.swift */ = {isa = PBXFileReference; fileEncoding = 4; lastKnownFileType = sourcecode.swift; path = CollectionViewController.swift; sourceTree = "<group>"; };
		2674137C240E9ACD00F21D5E /* SYTableViewCell.swift */ = {isa = PBXFileReference; fileEncoding = 4; lastKnownFileType = sourcecode.swift; path = SYTableViewCell.swift; sourceTree = "<group>"; };
		2674137D240E9ACD00F21D5E /* SYView.swift */ = {isa = PBXFileReference; fileEncoding = 4; lastKnownFileType = sourcecode.swift; path = SYView.swift; sourceTree = "<group>"; };
		2674137E240E9ACD00F21D5E /* SYLabel.swift */ = {isa = PBXFileReference; fileEncoding = 4; lastKnownFileType = sourcecode.swift; path = SYLabel.swift; sourceTree = "<group>"; };
		2674137F240E9ACD00F21D5E /* SYTextField.swift */ = {isa = PBXFileReference; fileEncoding = 4; lastKnownFileType = sourcecode.swift; path = SYTextField.swift; sourceTree = "<group>"; };
		26741381240E9ACD00F21D5E /* SYCollectionViewCell.swift */ = {isa = PBXFileReference; fileEncoding = 4; lastKnownFileType = sourcecode.swift; path = SYCollectionViewCell.swift; sourceTree = "<group>"; };
		26741382240E9ACD00F21D5E /* BlinkBtn.swift */ = {isa = PBXFileReference; fileEncoding = 4; lastKnownFileType = sourcecode.swift; path = BlinkBtn.swift; sourceTree = "<group>"; };
		26741383240E9ACD00F21D5E /* TableViewController.swift */ = {isa = PBXFileReference; fileEncoding = 4; lastKnownFileType = sourcecode.swift; path = TableViewController.swift; sourceTree = "<group>"; };
		26741385240E9ACD00F21D5E /* UIColorExtension.swift */ = {isa = PBXFileReference; fileEncoding = 4; lastKnownFileType = sourcecode.swift; path = UIColorExtension.swift; sourceTree = "<group>"; };
		26741386240E9ACD00F21D5E /* TextConvertible.swift */ = {isa = PBXFileReference; fileEncoding = 4; lastKnownFileType = sourcecode.swift; path = TextConvertible.swift; sourceTree = "<group>"; };
		26741387240E9ACD00F21D5E /* AnimatableComponent.swift */ = {isa = PBXFileReference; fileEncoding = 4; lastKnownFileType = sourcecode.swift; path = AnimatableComponent.swift; sourceTree = "<group>"; };
		26741388240E9ACD00F21D5E /* Animatable.swift */ = {isa = PBXFileReference; fileEncoding = 4; lastKnownFileType = sourcecode.swift; path = Animatable.swift; sourceTree = "<group>"; };
		26741389240E9ACD00F21D5E /* CABasicAnimationExtension.swift */ = {isa = PBXFileReference; fileEncoding = 4; lastKnownFileType = sourcecode.swift; path = CABasicAnimationExtension.swift; sourceTree = "<group>"; };
		2674138C240E9ACE00F21D5E /* CollectionViewCell.swift */ = {isa = PBXFileReference; fileEncoding = 4; lastKnownFileType = sourcecode.swift; path = CollectionViewCell.swift; sourceTree = "<group>"; };
		2674138D240E9ACE00F21D5E /* ExampleTableViewCell.xib */ = {isa = PBXFileReference; fileEncoding = 4; lastKnownFileType = file.xib; path = ExampleTableViewCell.xib; sourceTree = "<group>"; };
		2674138E240E9ACE00F21D5E /* CollectionViewCell.xib */ = {isa = PBXFileReference; fileEncoding = 4; lastKnownFileType = file.xib; path = CollectionViewCell.xib; sourceTree = "<group>"; };
		2674138F240E9ACE00F21D5E /* ExampleTableViewCell.swift */ = {isa = PBXFileReference; fileEncoding = 4; lastKnownFileType = sourcecode.swift; path = ExampleTableViewCell.swift; sourceTree = "<group>"; };
		267D3501240F4960000BA779 /* AnimaLayer.swift */ = {isa = PBXFileReference; fileEncoding = 4; lastKnownFileType = sourcecode.swift; path = AnimaLayer.swift; sourceTree = "<group>"; };
		267D3515240F6466000BA779 /* BlinkLayoutBtn.swift */ = {isa = PBXFileReference; fileEncoding = 4; lastKnownFileType = sourcecode.swift; path = BlinkLayoutBtn.swift; sourceTree = "<group>"; };
/* End PBXFileReference section */

/* Begin PBXFrameworksBuildPhase section */
		2674133F240E9A7200F21D5E /* Frameworks */ = {
			isa = PBXFrameworksBuildPhase;
			buildActionMask = 2147483647;
			files = (
			);
			runOnlyForDeploymentPostprocessing = 0;
		};
		26741355240E9A7400F21D5E /* Frameworks */ = {
			isa = PBXFrameworksBuildPhase;
			buildActionMask = 2147483647;
			files = (
			);
			runOnlyForDeploymentPostprocessing = 0;
		};
		26741360240E9A7400F21D5E /* Frameworks */ = {
			isa = PBXFrameworksBuildPhase;
			buildActionMask = 2147483647;
			files = (
			);
			runOnlyForDeploymentPostprocessing = 0;
		};
/* End PBXFrameworksBuildPhase section */

/* Begin PBXGroup section */
		26741339240E9A7200F21D5E = {
			isa = PBXGroup;
			children = (
				26741344240E9A7200F21D5E /* BlinkAnima */,
				2674135B240E9A7400F21D5E /* BlinkAnimaTests */,
				26741366240E9A7400F21D5E /* BlinkAnimaUITests */,
				26741343240E9A7200F21D5E /* Products */,
			);
			sourceTree = "<group>";
		};
		26741343240E9A7200F21D5E /* Products */ = {
			isa = PBXGroup;
			children = (
				26741342240E9A7200F21D5E /* BlinkAnima.app */,
				26741358240E9A7400F21D5E /* BlinkAnimaTests.xctest */,
				26741363240E9A7400F21D5E /* BlinkAnimaUITests.xctest */,
			);
			name = Products;
			sourceTree = "<group>";
		};
		26741344240E9A7200F21D5E /* BlinkAnima */ = {
			isa = PBXGroup;
			children = (
				2674137B240E9ACD00F21D5E /* Category */,
				26741375240E9ACD00F21D5E /* Controller */,
				26741384240E9ACD00F21D5E /* Core */,
				26741383240E9ACD00F21D5E /* TableViewController.swift */,
				2674138B240E9ACE00F21D5E /* View */,
				26741345240E9A7200F21D5E /* AppDelegate.swift */,
				26741347240E9A7200F21D5E /* SceneDelegate.swift */,
				2674134B240E9A7200F21D5E /* Main.storyboard */,
				2674134E240E9A7400F21D5E /* Assets.xcassets */,
				26741350240E9A7400F21D5E /* LaunchScreen.storyboard */,
				26741353240E9A7400F21D5E /* Info.plist */,
			);
			path = BlinkAnima;
			sourceTree = "<group>";
		};
		2674135B240E9A7400F21D5E /* BlinkAnimaTests */ = {
			isa = PBXGroup;
			children = (
				2674135C240E9A7400F21D5E /* BlinkAnimaTests.swift */,
				2674135E240E9A7400F21D5E /* Info.plist */,
			);
			path = BlinkAnimaTests;
			sourceTree = "<group>";
		};
		26741366240E9A7400F21D5E /* BlinkAnimaUITests */ = {
			isa = PBXGroup;
			children = (
				26741367240E9A7400F21D5E /* BlinkAnimaUITests.swift */,
				26741369240E9A7400F21D5E /* Info.plist */,
			);
			path = BlinkAnimaUITests;
			sourceTree = "<group>";
		};
		26741375240E9ACD00F21D5E /* Controller */ = {
			isa = PBXGroup;
			children = (
				26741376240E9ACD00F21D5E /* AnimationViewController.swift */,
				26741377240E9ACD00F21D5E /* ButtonViewController.swift */,
				26741378240E9ACD00F21D5E /* TextFieldViewController.swift */,
				26741379240E9ACD00F21D5E /* LabelViewController.swift */,
				2674137A240E9ACD00F21D5E /* CollectionViewController.swift */,
			);
			path = Controller;
			sourceTree = "<group>";
		};
		2674137B240E9ACD00F21D5E /* Category */ = {
			isa = PBXGroup;
			children = (
				267D3515240F6466000BA779 /* BlinkLayoutBtn.swift */,
				2674137C240E9ACD00F21D5E /* SYTableViewCell.swift */,
				2674137D240E9ACD00F21D5E /* SYView.swift */,
				2674137E240E9ACD00F21D5E /* SYLabel.swift */,
				2674137F240E9ACD00F21D5E /* SYTextField.swift */,
				26741381240E9ACD00F21D5E /* SYCollectionViewCell.swift */,
				26741382240E9ACD00F21D5E /* BlinkBtn.swift */,
			);
			path = Category;
			sourceTree = "<group>";
		};
		26741384240E9ACD00F21D5E /* Core */ = {
			isa = PBXGroup;
			children = (
				267D3501240F4960000BA779 /* AnimaLayer.swift */,
				26741385240E9ACD00F21D5E /* UIColorExtension.swift */,
				26741386240E9ACD00F21D5E /* TextConvertible.swift */,
				26741387240E9ACD00F21D5E /* AnimatableComponent.swift */,
				26741388240E9ACD00F21D5E /* Animatable.swift */,
				26741389240E9ACD00F21D5E /* CABasicAnimationExtension.swift */,
			);
			path = Core;
			sourceTree = "<group>";
		};
		2674138B240E9ACE00F21D5E /* View */ = {
			isa = PBXGroup;
			children = (
				2674138C240E9ACE00F21D5E /* CollectionViewCell.swift */,
				2674138D240E9ACE00F21D5E /* ExampleTableViewCell.xib */,
				2674138E240E9ACE00F21D5E /* CollectionViewCell.xib */,
				2674138F240E9ACE00F21D5E /* ExampleTableViewCell.swift */,
			);
			path = View;
			sourceTree = "<group>";
		};
/* End PBXGroup section */

/* Begin PBXNativeTarget section */
		26741341240E9A7200F21D5E /* BlinkAnima */ = {
			isa = PBXNativeTarget;
			buildConfigurationList = 2674136C240E9A7400F21D5E /* Build configuration list for PBXNativeTarget "BlinkAnima" */;
			buildPhases = (
				2674133E240E9A7200F21D5E /* Sources */,
				2674133F240E9A7200F21D5E /* Frameworks */,
				26741340240E9A7200F21D5E /* Resources */,
			);
			buildRules = (
			);
			dependencies = (
			);
			name = BlinkAnima;
			productName = BlinkAnima;
			productReference = 26741342240E9A7200F21D5E /* BlinkAnima.app */;
			productType = "com.apple.product-type.application";
		};
		26741357240E9A7400F21D5E /* BlinkAnimaTests */ = {
			isa = PBXNativeTarget;
			buildConfigurationList = 2674136F240E9A7400F21D5E /* Build configuration list for PBXNativeTarget "BlinkAnimaTests" */;
			buildPhases = (
				26741354240E9A7400F21D5E /* Sources */,
				26741355240E9A7400F21D5E /* Frameworks */,
				26741356240E9A7400F21D5E /* Resources */,
			);
			buildRules = (
			);
			dependencies = (
				2674135A240E9A7400F21D5E /* PBXTargetDependency */,
			);
			name = BlinkAnimaTests;
			productName = BlinkAnimaTests;
			productReference = 26741358240E9A7400F21D5E /* BlinkAnimaTests.xctest */;
			productType = "com.apple.product-type.bundle.unit-test";
		};
		26741362240E9A7400F21D5E /* BlinkAnimaUITests */ = {
			isa = PBXNativeTarget;
			buildConfigurationList = 26741372240E9A7400F21D5E /* Build configuration list for PBXNativeTarget "BlinkAnimaUITests" */;
			buildPhases = (
				2674135F240E9A7400F21D5E /* Sources */,
				26741360240E9A7400F21D5E /* Frameworks */,
				26741361240E9A7400F21D5E /* Resources */,
			);
			buildRules = (
			);
			dependencies = (
				26741365240E9A7400F21D5E /* PBXTargetDependency */,
			);
			name = BlinkAnimaUITests;
			productName = BlinkAnimaUITests;
			productReference = 26741363240E9A7400F21D5E /* BlinkAnimaUITests.xctest */;
			productType = "com.apple.product-type.bundle.ui-testing";
		};
/* End PBXNativeTarget section */

/* Begin PBXProject section */
		2674133A240E9A7200F21D5E /* Project object */ = {
			isa = PBXProject;
			attributes = {
				LastSwiftUpdateCheck = 1130;
				LastUpgradeCheck = 1130;
				ORGANIZATIONNAME = "Jz D";
				TargetAttributes = {
					26741341240E9A7200F21D5E = {
						CreatedOnToolsVersion = 11.3.1;
					};
					26741357240E9A7400F21D5E = {
						CreatedOnToolsVersion = 11.3.1;
						TestTargetID = 26741341240E9A7200F21D5E;
					};
					26741362240E9A7400F21D5E = {
						CreatedOnToolsVersion = 11.3.1;
						TestTargetID = 26741341240E9A7200F21D5E;
					};
				};
			};
			buildConfigurationList = 2674133D240E9A7200F21D5E /* Build configuration list for PBXProject "BlinkAnima" */;
			compatibilityVersion = "Xcode 9.3";
			developmentRegion = en;
			hasScannedForEncodings = 0;
			knownRegions = (
				en,
				Base,
			);
			mainGroup = 26741339240E9A7200F21D5E;
			productRefGroup = 26741343240E9A7200F21D5E /* Products */;
			projectDirPath = "";
			projectRoot = "";
			targets = (
				26741341240E9A7200F21D5E /* BlinkAnima */,
				26741357240E9A7400F21D5E /* BlinkAnimaTests */,
				26741362240E9A7400F21D5E /* BlinkAnimaUITests */,
			);
		};
/* End PBXProject section */

/* Begin PBXResourcesBuildPhase section */
		26741340240E9A7200F21D5E /* Resources */ = {
			isa = PBXResourcesBuildPhase;
			buildActionMask = 2147483647;
			files = (
				267413A4240E9ACE00F21D5E /* ExampleTableViewCell.xib in Resources */,
				26741352240E9A7400F21D5E /* LaunchScreen.storyboard in Resources */,
				2674134F240E9A7400F21D5E /* Assets.xcassets in Resources */,
				2674134D240E9A7200F21D5E /* Main.storyboard in Resources */,
				267413A5240E9ACE00F21D5E /* CollectionViewCell.xib in Resources */,
			);
			runOnlyForDeploymentPostprocessing = 0;
		};
		26741356240E9A7400F21D5E /* Resources */ = {
			isa = PBXResourcesBuildPhase;
			buildActionMask = 2147483647;
			files = (
			);
			runOnlyForDeploymentPostprocessing = 0;
		};
		26741361240E9A7400F21D5E /* Resources */ = {
			isa = PBXResourcesBuildPhase;
			buildActionMask = 2147483647;
			files = (
			);
			runOnlyForDeploymentPostprocessing = 0;
		};
/* End PBXResourcesBuildPhase section */

/* Begin PBXSourcesBuildPhase section */
		2674133E240E9A7200F21D5E /* Sources */ = {
			isa = PBXSourcesBuildPhase;
			buildActionMask = 2147483647;
			files = (
				267D3516240F6466000BA779 /* BlinkLayoutBtn.swift in Sources */,
				2674139D240E9ACE00F21D5E /* UIColorExtension.swift in Sources */,
				26741396240E9ACE00F21D5E /* SYView.swift in Sources */,
				2674139E240E9ACE00F21D5E /* TextConvertible.swift in Sources */,
				26741398240E9ACE00F21D5E /* SYTextField.swift in Sources */,
				267413A1240E9ACE00F21D5E /* CABasicAnimationExtension.swift in Sources */,
				267413A3240E9ACE00F21D5E /* CollectionViewCell.swift in Sources */,
				26741346240E9A7200F21D5E /* AppDelegate.swift in Sources */,
				26741392240E9ACE00F21D5E /* TextFieldViewController.swift in Sources */,
				26741348240E9A7200F21D5E /* SceneDelegate.swift in Sources */,
				26741395240E9ACE00F21D5E /* SYTableViewCell.swift in Sources */,
				267413A0240E9ACE00F21D5E /* Animatable.swift in Sources */,
				26741394240E9ACE00F21D5E /* CollectionViewController.swift in Sources */,
				2674139B240E9ACE00F21D5E /* BlinkBtn.swift in Sources */,
				26741393240E9ACE00F21D5E /* LabelViewController.swift in Sources */,
				2674139C240E9ACE00F21D5E /* TableViewController.swift in Sources */,
				2674139A240E9ACE00F21D5E /* SYCollectionViewCell.swift in Sources */,
				2674139F240E9ACE00F21D5E /* AnimatableComponent.swift in Sources */,
				267413A6240E9ACE00F21D5E /* ExampleTableViewCell.swift in Sources */,
				267D3502240F4960000BA779 /* AnimaLayer.swift in Sources */,
				26741391240E9ACE00F21D5E /* ButtonViewController.swift in Sources */,
				26741390240E9ACE00F21D5E /* AnimationViewController.swift in Sources */,
				26741397240E9ACE00F21D5E /* SYLabel.swift in Sources */,
			);
			runOnlyForDeploymentPostprocessing = 0;
		};
		26741354240E9A7400F21D5E /* Sources */ = {
			isa = PBXSourcesBuildPhase;
			buildActionMask = 2147483647;
			files = (
				2674135D240E9A7400F21D5E /* BlinkAnimaTests.swift in Sources */,
			);
			runOnlyForDeploymentPostprocessing = 0;
		};
		2674135F240E9A7400F21D5E /* Sources */ = {
			isa = PBXSourcesBuildPhase;
			buildActionMask = 2147483647;
			files = (
				26741368240E9A7400F21D5E /* BlinkAnimaUITests.swift in Sources */,
			);
			runOnlyForDeploymentPostprocessing = 0;
		};
/* End PBXSourcesBuildPhase section */

/* Begin PBXTargetDependency section */
		2674135A240E9A7400F21D5E /* PBXTargetDependency */ = {
			isa = PBXTargetDependency;
			target = 26741341240E9A7200F21D5E /* BlinkAnima */;
			targetProxy = 26741359240E9A7400F21D5E /* PBXContainerItemProxy */;
		};
		26741365240E9A7400F21D5E /* PBXTargetDependency */ = {
			isa = PBXTargetDependency;
			target = 26741341240E9A7200F21D5E /* BlinkAnima */;
			targetProxy = 26741364240E9A7400F21D5E /* PBXContainerItemProxy */;
		};
/* End PBXTargetDependency section */

/* Begin PBXVariantGroup section */
		2674134B240E9A7200F21D5E /* Main.storyboard */ = {
			isa = PBXVariantGroup;
			children = (
				2674134C240E9A7200F21D5E /* Base */,
			);
			name = Main.storyboard;
			sourceTree = "<group>";
		};
		26741350240E9A7400F21D5E /* LaunchScreen.storyboard */ = {
			isa = PBXVariantGroup;
			children = (
				26741351240E9A7400F21D5E /* Base */,
			);
			name = LaunchScreen.storyboard;
			sourceTree = "<group>";
		};
/* End PBXVariantGroup section */

/* Begin XCBuildConfiguration section */
		2674136A240E9A7400F21D5E /* Debug */ = {
			isa = XCBuildConfiguration;
			buildSettings = {
				ALWAYS_SEARCH_USER_PATHS = NO;
				CLANG_ANALYZER_NONNULL = YES;
				CLANG_ANALYZER_NUMBER_OBJECT_CONVERSION = YES_AGGRESSIVE;
				CLANG_CXX_LANGUAGE_STANDARD = "gnu++14";
				CLANG_CXX_LIBRARY = "libc++";
				CLANG_ENABLE_MODULES = YES;
				CLANG_ENABLE_OBJC_ARC = YES;
				CLANG_ENABLE_OBJC_WEAK = YES;
				CLANG_WARN_BLOCK_CAPTURE_AUTORELEASING = YES;
				CLANG_WARN_BOOL_CONVERSION = YES;
				CLANG_WARN_COMMA = YES;
				CLANG_WARN_CONSTANT_CONVERSION = YES;
				CLANG_WARN_DEPRECATED_OBJC_IMPLEMENTATIONS = YES;
				CLANG_WARN_DIRECT_OBJC_ISA_USAGE = YES_ERROR;
				CLANG_WARN_DOCUMENTATION_COMMENTS = YES;
				CLANG_WARN_EMPTY_BODY = YES;
				CLANG_WARN_ENUM_CONVERSION = YES;
				CLANG_WARN_INFINITE_RECURSION = YES;
				CLANG_WARN_INT_CONVERSION = YES;
				CLANG_WARN_NON_LITERAL_NULL_CONVERSION = YES;
				CLANG_WARN_OBJC_IMPLICIT_RETAIN_SELF = YES;
				CLANG_WARN_OBJC_LITERAL_CONVERSION = YES;
				CLANG_WARN_OBJC_ROOT_CLASS = YES_ERROR;
				CLANG_WARN_RANGE_LOOP_ANALYSIS = YES;
				CLANG_WARN_STRICT_PROTOTYPES = YES;
				CLANG_WARN_SUSPICIOUS_MOVE = YES;
				CLANG_WARN_UNGUARDED_AVAILABILITY = YES_AGGRESSIVE;
				CLANG_WARN_UNREACHABLE_CODE = YES;
				CLANG_WARN__DUPLICATE_METHOD_MATCH = YES;
				COPY_PHASE_STRIP = NO;
				DEBUG_INFORMATION_FORMAT = dwarf;
				ENABLE_STRICT_OBJC_MSGSEND = YES;
				ENABLE_TESTABILITY = YES;
				GCC_C_LANGUAGE_STANDARD = gnu11;
				GCC_DYNAMIC_NO_PIC = NO;
				GCC_NO_COMMON_BLOCKS = YES;
				GCC_OPTIMIZATION_LEVEL = 0;
				GCC_PREPROCESSOR_DEFINITIONS = (
					"DEBUG=1",
					"$(inherited)",
				);
				GCC_WARN_64_TO_32_BIT_CONVERSION = YES;
				GCC_WARN_ABOUT_RETURN_TYPE = YES_ERROR;
				GCC_WARN_UNDECLARED_SELECTOR = YES;
				GCC_WARN_UNINITIALIZED_AUTOS = YES_AGGRESSIVE;
				GCC_WARN_UNUSED_FUNCTION = YES;
				GCC_WARN_UNUSED_VARIABLE = YES;
				IPHONEOS_DEPLOYMENT_TARGET = 13.2;
				MTL_ENABLE_DEBUG_INFO = INCLUDE_SOURCE;
				MTL_FAST_MATH = YES;
				ONLY_ACTIVE_ARCH = YES;
				SDKROOT = iphoneos;
				SWIFT_ACTIVE_COMPILATION_CONDITIONS = DEBUG;
				SWIFT_OPTIMIZATION_LEVEL = "-Onone";
			};
			name = Debug;
		};
		2674136B240E9A7400F21D5E /* Release */ = {
			isa = XCBuildConfiguration;
			buildSettings = {
				ALWAYS_SEARCH_USER_PATHS = NO;
				CLANG_ANALYZER_NONNULL = YES;
				CLANG_ANALYZER_NUMBER_OBJECT_CONVERSION = YES_AGGRESSIVE;
				CLANG_CXX_LANGUAGE_STANDARD = "gnu++14";
				CLANG_CXX_LIBRARY = "libc++";
				CLANG_ENABLE_MODULES = YES;
				CLANG_ENABLE_OBJC_ARC = YES;
				CLANG_ENABLE_OBJC_WEAK = YES;
				CLANG_WARN_BLOCK_CAPTURE_AUTORELEASING = YES;
				CLANG_WARN_BOOL_CONVERSION = YES;
				CLANG_WARN_COMMA = YES;
				CLANG_WARN_CONSTANT_CONVERSION = YES;
				CLANG_WARN_DEPRECATED_OBJC_IMPLEMENTATIONS = YES;
				CLANG_WARN_DIRECT_OBJC_ISA_USAGE = YES_ERROR;
				CLANG_WARN_DOCUMENTATION_COMMENTS = YES;
				CLANG_WARN_EMPTY_BODY = YES;
				CLANG_WARN_ENUM_CONVERSION = YES;
				CLANG_WARN_INFINITE_RECURSION = YES;
				CLANG_WARN_INT_CONVERSION = YES;
				CLANG_WARN_NON_LITERAL_NULL_CONVERSION = YES;
				CLANG_WARN_OBJC_IMPLICIT_RETAIN_SELF = YES;
				CLANG_WARN_OBJC_LITERAL_CONVERSION = YES;
				CLANG_WARN_OBJC_ROOT_CLASS = YES_ERROR;
				CLANG_WARN_RANGE_LOOP_ANALYSIS = YES;
				CLANG_WARN_STRICT_PROTOTYPES = YES;
				CLANG_WARN_SUSPICIOUS_MOVE = YES;
				CLANG_WARN_UNGUARDED_AVAILABILITY = YES_AGGRESSIVE;
				CLANG_WARN_UNREACHABLE_CODE = YES;
				CLANG_WARN__DUPLICATE_METHOD_MATCH = YES;
				COPY_PHASE_STRIP = NO;
				DEBUG_INFORMATION_FORMAT = "dwarf-with-dsym";
				ENABLE_NS_ASSERTIONS = NO;
				ENABLE_STRICT_OBJC_MSGSEND = YES;
				GCC_C_LANGUAGE_STANDARD = gnu11;
				GCC_NO_COMMON_BLOCKS = YES;
				GCC_WARN_64_TO_32_BIT_CONVERSION = YES;
				GCC_WARN_ABOUT_RETURN_TYPE = YES_ERROR;
				GCC_WARN_UNDECLARED_SELECTOR = YES;
				GCC_WARN_UNINITIALIZED_AUTOS = YES_AGGRESSIVE;
				GCC_WARN_UNUSED_FUNCTION = YES;
				GCC_WARN_UNUSED_VARIABLE = YES;
				IPHONEOS_DEPLOYMENT_TARGET = 13.2;
				MTL_ENABLE_DEBUG_INFO = NO;
				MTL_FAST_MATH = YES;
				SDKROOT = iphoneos;
				SWIFT_COMPILATION_MODE = wholemodule;
				SWIFT_OPTIMIZATION_LEVEL = "-O";
				VALIDATE_PRODUCT = YES;
			};
			name = Release;
		};
		2674136D240E9A7400F21D5E /* Debug */ = {
			isa = XCBuildConfiguration;
			buildSettings = {
				ASSETCATALOG_COMPILER_APPICON_NAME = AppIcon;
				CODE_SIGN_STYLE = Automatic;
				DEVELOPMENT_TEAM = D878P8TW6L;
				INFOPLIST_FILE = BlinkAnima/Info.plist;
				LD_RUNPATH_SEARCH_PATHS = (
					"$(inherited)",
					"@executable_path/Frameworks",
				);
				PRODUCT_BUNDLE_IDENTIFIER = com.photod.mnc.BlinkAnima;
				PRODUCT_NAME = "$(TARGET_NAME)";
				SWIFT_VERSION = 5.0;
				TARGETED_DEVICE_FAMILY = "1,2";
			};
			name = Debug;
		};
		2674136E240E9A7400F21D5E /* Release */ = {
			isa = XCBuildConfiguration;
			buildSettings = {
				ASSETCATALOG_COMPILER_APPICON_NAME = AppIcon;
				CODE_SIGN_STYLE = Automatic;
				DEVELOPMENT_TEAM = D878P8TW6L;
				INFOPLIST_FILE = BlinkAnima/Info.plist;
				LD_RUNPATH_SEARCH_PATHS = (
					"$(inherited)",
					"@executable_path/Frameworks",
				);
				PRODUCT_BUNDLE_IDENTIFIER = com.photod.mnc.BlinkAnima;
				PRODUCT_NAME = "$(TARGET_NAME)";
				SWIFT_VERSION = 5.0;
				TARGETED_DEVICE_FAMILY = "1,2";
			};
			name = Release;
		};
		26741370240E9A7400F21D5E /* Debug */ = {
			isa = XCBuildConfiguration;
			buildSettings = {
				ALWAYS_EMBED_SWIFT_STANDARD_LIBRARIES = YES;
				BUNDLE_LOADER = "$(TEST_HOST)";
				CODE_SIGN_STYLE = Automatic;
				DEVELOPMENT_TEAM = D878P8TW6L;
				INFOPLIST_FILE = BlinkAnimaTests/Info.plist;
				IPHONEOS_DEPLOYMENT_TARGET = 13.2;
				LD_RUNPATH_SEARCH_PATHS = (
					"$(inherited)",
					"@executable_path/Frameworks",
					"@loader_path/Frameworks",
				);
				PRODUCT_BUNDLE_IDENTIFIER = com.photod.mnc.BlinkAnimaTests;
				PRODUCT_NAME = "$(TARGET_NAME)";
				SWIFT_VERSION = 5.0;
				TARGETED_DEVICE_FAMILY = "1,2";
				TEST_HOST = "$(BUILT_PRODUCTS_DIR)/BlinkAnima.app/BlinkAnima";
			};
			name = Debug;
		};
		26741371240E9A7400F21D5E /* Release */ = {
			isa = XCBuildConfiguration;
			buildSettings = {
				ALWAYS_EMBED_SWIFT_STANDARD_LIBRARIES = YES;
				BUNDLE_LOADER = "$(TEST_HOST)";
				CODE_SIGN_STYLE = Automatic;
				DEVELOPMENT_TEAM = D878P8TW6L;
				INFOPLIST_FILE = BlinkAnimaTests/Info.plist;
				IPHONEOS_DEPLOYMENT_TARGET = 13.2;
				LD_RUNPATH_SEARCH_PATHS = (
					"$(inherited)",
					"@executable_path/Frameworks",
					"@loader_path/Frameworks",
				);
				PRODUCT_BUNDLE_IDENTIFIER = com.photod.mnc.BlinkAnimaTests;
				PRODUCT_NAME = "$(TARGET_NAME)";
				SWIFT_VERSION = 5.0;
				TARGETED_DEVICE_FAMILY = "1,2";
				TEST_HOST = "$(BUILT_PRODUCTS_DIR)/BlinkAnima.app/BlinkAnima";
			};
			name = Release;
		};
		26741373240E9A7400F21D5E /* Debug */ = {
			isa = XCBuildConfiguration;
			buildSettings = {
				ALWAYS_EMBED_SWIFT_STANDARD_LIBRARIES = YES;
				CODE_SIGN_STYLE = Automatic;
				DEVELOPMENT_TEAM = D878P8TW6L;
				INFOPLIST_FILE = BlinkAnimaUITests/Info.plist;
				LD_RUNPATH_SEARCH_PATHS = (
					"$(inherited)",
					"@executable_path/Frameworks",
					"@loader_path/Frameworks",
				);
				PRODUCT_BUNDLE_IDENTIFIER = com.photod.mnc.BlinkAnimaUITests;
				PRODUCT_NAME = "$(TARGET_NAME)";
				SWIFT_VERSION = 5.0;
				TARGETED_DEVICE_FAMILY = "1,2";
				TEST_TARGET_NAME = BlinkAnima;
			};
			name = Debug;
		};
		26741374240E9A7400F21D5E /* Release */ = {
			isa = XCBuildConfiguration;
			buildSettings = {
				ALWAYS_EMBED_SWIFT_STANDARD_LIBRARIES = YES;
				CODE_SIGN_STYLE = Automatic;
				DEVELOPMENT_TEAM = D878P8TW6L;
				INFOPLIST_FILE = BlinkAnimaUITests/Info.plist;
				LD_RUNPATH_SEARCH_PATHS = (
					"$(inherited)",
					"@executable_path/Frameworks",
					"@loader_path/Frameworks",
				);
				PRODUCT_BUNDLE_IDENTIFIER = com.photod.mnc.BlinkAnimaUITests;
				PRODUCT_NAME = "$(TARGET_NAME)";
				SWIFT_VERSION = 5.0;
				TARGETED_DEVICE_FAMILY = "1,2";
				TEST_TARGET_NAME = BlinkAnima;
			};
			name = Release;
		};
/* End XCBuildConfiguration section */

/* Begin XCConfigurationList section */
		2674133D240E9A7200F21D5E /* Build configuration list for PBXProject "BlinkAnima" */ = {
			isa = XCConfigurationList;
			buildConfigurations = (
				2674136A240E9A7400F21D5E /* Debug */,
				2674136B240E9A7400F21D5E /* Release */,
			);
			defaultConfigurationIsVisible = 0;
			defaultConfigurationName = Release;
		};
		2674136C240E9A7400F21D5E /* Build configuration list for PBXNativeTarget "BlinkAnima" */ = {
			isa = XCConfigurationList;
			buildConfigurations = (
				2674136D240E9A7400F21D5E /* Debug */,
				2674136E240E9A7400F21D5E /* Release */,
			);
			defaultConfigurationIsVisible = 0;
			defaultConfigurationName = Release;
		};
		2674136F240E9A7400F21D5E /* Build configuration list for PBXNativeTarget "BlinkAnimaTests" */ = {
			isa = XCConfigurationList;
			buildConfigurations = (
				26741370240E9A7400F21D5E /* Debug */,
				26741371240E9A7400F21D5E /* Release */,
			);
			defaultConfigurationIsVisible = 0;
			defaultConfigurationName = Release;
		};
		26741372240E9A7400F21D5E /* Build configuration list for PBXNativeTarget "BlinkAnimaUITests" */ = {
			isa = XCConfigurationList;
			buildConfigurations = (
				26741373240E9A7400F21D5E /* Debug */,
				26741374240E9A7400F21D5E /* Release */,
			);
			defaultConfigurationIsVisible = 0;
			defaultConfigurationName = Release;
		};
/* End XCConfigurationList section */
	};
	rootObject = 2674133A240E9A7200F21D5E /* Project object */;
}
