// !$*UTF8*$!
{
	archiveVersion = 1;
	classes = {
	};
	objectVersion = 50;
	objects = {

/* Begin PBXBuildFile section */
		26C88E5324541337008B4C06 /* AppDelegate.swift in Sources */ = {isa = PBXBuildFile; fileRef = 26C88E5224541337008B4C06 /* AppDelegate.swift */; };
		26C88E5524541337008B4C06 /* SceneDelegate.swift in Sources */ = {isa = PBXBuildFile; fileRef = 26C88E5424541337008B4C06 /* SceneDelegate.swift */; };
		26C88E5724541337008B4C06 /* ViewController.swift in Sources */ = {isa = PBXBuildFile; fileRef = 26C88E5624541337008B4C06 /* ViewController.swift */; };
		26C88E5A24541337008B4C06 /* Main.storyboard in Resources */ = {isa = PBXBuildFile; fileRef = 26C88E5824541337008B4C06 /* Main.storyboard */; };
		26C88E5C2454133A008B4C06 /* Assets.xcassets in Resources */ = {isa = PBXBuildFile; fileRef = 26C88E5B2454133A008B4C06 /* Assets.xcassets */; };
		26C88E5F2454133A008B4C06 /* LaunchScreen.storyboard in Resources */ = {isa = PBXBuildFile; fileRef = 26C88E5D2454133A008B4C06 /* LaunchScreen.storyboard */; };
		26C88E6A2454133A008B4C06 /* OneTests.swift in Sources */ = {isa = PBXBuildFile; fileRef = 26C88E692454133A008B4C06 /* OneTests.swift */; };
		26C88E752454133A008B4C06 /* OneUITests.swift in Sources */ = {isa = PBXBuildFile; fileRef = 26C88E742454133A008B4C06 /* OneUITests.swift */; };
/* End PBXBuildFile section */

/* Begin PBXContainerItemProxy section */
		26C88E662454133A008B4C06 /* PBXContainerItemProxy */ = {
			isa = PBXContainerItemProxy;
			containerPortal = 26C88E4724541337008B4C06 /* Project object */;
			proxyType = 1;
			remoteGlobalIDString = 26C88E4E24541337008B4C06;
			remoteInfo = One;
		};
		26C88E712454133A008B4C06 /* PBXContainerItemProxy */ = {
			isa = PBXContainerItemProxy;
			containerPortal = 26C88E4724541337008B4C06 /* Project object */;
			proxyType = 1;
			remoteGlobalIDString = 26C88E4E24541337008B4C06;
			remoteInfo = One;
		};
/* End PBXContainerItemProxy section */

/* Begin PBXFileReference section */
		26C88E4F24541337008B4C06 /* One.app */ = {isa = PBXFileReference; explicitFileType = wrapper.application; includeInIndex = 0; path = One.app; sourceTree = BUILT_PRODUCTS_DIR; };
		26C88E5224541337008B4C06 /* AppDelegate.swift */ = {isa = PBXFileReference; lastKnownFileType = sourcecode.swift; path = AppDelegate.swift; sourceTree = "<group>"; };
		26C88E5424541337008B4C06 /* SceneDelegate.swift */ = {isa = PBXFileReference; lastKnownFileType = sourcecode.swift; path = SceneDelegate.swift; sourceTree = "<group>"; };
		26C88E5624541337008B4C06 /* ViewController.swift */ = {isa = PBXFileReference; lastKnownFileType = sourcecode.swift; path = ViewController.swift; sourceTree = "<group>"; };
		26C88E5924541337008B4C06 /* Base */ = {isa = PBXFileReference; lastKnownFileType = file.storyboard; name = Base; path = Base.lproj/Main.storyboard; sourceTree = "<group>"; };
		26C88E5B2454133A008B4C06 /* Assets.xcassets */ = {isa = PBXFileReference; lastKnownFileType = folder.assetcatalog; path = Assets.xcassets; sourceTree = "<group>"; };
		26C88E5E2454133A008B4C06 /* Base */ = {isa = PBXFileReference; lastKnownFileType = file.storyboard; name = Base; path = Base.lproj/LaunchScreen.storyboard; sourceTree = "<group>"; };
		26C88E602454133A008B4C06 /* Info.plist */ = {isa = PBXFileReference; lastKnownFileType = text.plist.xml; path = Info.plist; sourceTree = "<group>"; };
		26C88E652454133A008B4C06 /* OneTests.xctest */ = {isa = PBXFileReference; explicitFileType = wrapper.cfbundle; includeInIndex = 0; path = OneTests.xctest; sourceTree = BUILT_PRODUCTS_DIR; };
		26C88E692454133A008B4C06 /* OneTests.swift */ = {isa = PBXFileReference; lastKnownFileType = sourcecode.swift; path = OneTests.swift; sourceTree = "<group>"; };
		26C88E6B2454133A008B4C06 /* Info.plist */ = {isa = PBXFileReference; lastKnownFileType = text.plist.xml; path = Info.plist; sourceTree = "<group>"; };
		26C88E702454133A008B4C06 /* OneUITests.xctest */ = {isa = PBXFileReference; explicitFileType = wrapper.cfbundle; includeInIndex = 0; path = OneUITests.xctest; sourceTree = BUILT_PRODUCTS_DIR; };
		26C88E742454133A008B4C06 /* OneUITests.swift */ = {isa = PBXFileReference; lastKnownFileType = sourcecode.swift; path = OneUITests.swift; sourceTree = "<group>"; };
		26C88E762454133A008B4C06 /* Info.plist */ = {isa = PBXFileReference; lastKnownFileType = text.plist.xml; path = Info.plist; sourceTree = "<group>"; };
/* End PBXFileReference section */

/* Begin PBXFrameworksBuildPhase section */
		26C88E4C24541337008B4C06 /* Frameworks */ = {
			isa = PBXFrameworksBuildPhase;
			buildActionMask = 2147483647;
			files = (
			);
			runOnlyForDeploymentPostprocessing = 0;
		};
		26C88E622454133A008B4C06 /* Frameworks */ = {
			isa = PBXFrameworksBuildPhase;
			buildActionMask = 2147483647;
			files = (
			);
			runOnlyForDeploymentPostprocessing = 0;
		};
		26C88E6D2454133A008B4C06 /* Frameworks */ = {
			isa = PBXFrameworksBuildPhase;
			buildActionMask = 2147483647;
			files = (
			);
			runOnlyForDeploymentPostprocessing = 0;
		};
/* End PBXFrameworksBuildPhase section */

/* Begin PBXGroup section */
		26C88E4624541337008B4C06 = {
			isa = PBXGroup;
			children = (
				26C88E5124541337008B4C06 /* One */,
				26C88E682454133A008B4C06 /* OneTests */,
				26C88E732454133A008B4C06 /* OneUITests */,
				26C88E5024541337008B4C06 /* Products */,
			);
			sourceTree = "<group>";
		};
		26C88E5024541337008B4C06 /* Products */ = {
			isa = PBXGroup;
			children = (
				26C88E4F24541337008B4C06 /* One.app */,
				26C88E652454133A008B4C06 /* OneTests.xctest */,
				26C88E702454133A008B4C06 /* OneUITests.xctest */,
			);
			name = Products;
			sourceTree = "<group>";
		};
		26C88E5124541337008B4C06 /* One */ = {
			isa = PBXGroup;
			children = (
				26C88E5224541337008B4C06 /* AppDelegate.swift */,
				26C88E5424541337008B4C06 /* SceneDelegate.swift */,
				26C88E5624541337008B4C06 /* ViewController.swift */,
				26C88E5824541337008B4C06 /* Main.storyboard */,
				26C88E5B2454133A008B4C06 /* Assets.xcassets */,
				26C88E5D2454133A008B4C06 /* LaunchScreen.storyboard */,
				26C88E602454133A008B4C06 /* Info.plist */,
			);
			path = One;
			sourceTree = "<group>";
		};
		26C88E682454133A008B4C06 /* OneTests */ = {
			isa = PBXGroup;
			children = (
				26C88E692454133A008B4C06 /* OneTests.swift */,
				26C88E6B2454133A008B4C06 /* Info.plist */,
			);
			path = OneTests;
			sourceTree = "<group>";
		};
		26C88E732454133A008B4C06 /* OneUITests */ = {
			isa = PBXGroup;
			children = (
				26C88E742454133A008B4C06 /* OneUITests.swift */,
				26C88E762454133A008B4C06 /* Info.plist */,
			);
			path = OneUITests;
			sourceTree = "<group>";
		};
/* End PBXGroup section */

/* Begin PBXNativeTarget section */
		26C88E4E24541337008B4C06 /* One */ = {
			isa = PBXNativeTarget;
			buildConfigurationList = 26C88E792454133B008B4C06 /* Build configuration list for PBXNativeTarget "One" */;
			buildPhases = (
				26C88E4B24541337008B4C06 /* Sources */,
				26C88E4C24541337008B4C06 /* Frameworks */,
				26C88E4D24541337008B4C06 /* Resources */,
			);
			buildRules = (
			);
			dependencies = (
			);
			name = One;
			productName = One;
			productReference = 26C88E4F24541337008B4C06 /* One.app */;
			productType = "com.apple.product-type.application";
		};
		26C88E642454133A008B4C06 /* OneTests */ = {
			isa = PBXNativeTarget;
			buildConfigurationList = 26C88E7C2454133B008B4C06 /* Build configuration list for PBXNativeTarget "OneTests" */;
			buildPhases = (
				26C88E612454133A008B4C06 /* Sources */,
				26C88E622454133A008B4C06 /* Frameworks */,
				26C88E632454133A008B4C06 /* Resources */,
			);
			buildRules = (
			);
			dependencies = (
				26C88E672454133A008B4C06 /* PBXTargetDependency */,
			);
			name = OneTests;
			productName = OneTests;
			productReference = 26C88E652454133A008B4C06 /* OneTests.xctest */;
			productType = "com.apple.product-type.bundle.unit-test";
		};
		26C88E6F2454133A008B4C06 /* OneUITests */ = {
			isa = PBXNativeTarget;
			buildConfigurationList = 26C88E7F2454133B008B4C06 /* Build configuration list for PBXNativeTarget "OneUITests" */;
			buildPhases = (
				26C88E6C2454133A008B4C06 /* Sources */,
				26C88E6D2454133A008B4C06 /* Frameworks */,
				26C88E6E2454133A008B4C06 /* Resources */,
			);
			buildRules = (
			);
			dependencies = (
				26C88E722454133A008B4C06 /* PBXTargetDependency */,
			);
			name = OneUITests;
			productName = OneUITests;
			productReference = 26C88E702454133A008B4C06 /* OneUITests.xctest */;
			productType = "com.apple.product-type.bundle.ui-testing";
		};
/* End PBXNativeTarget section */

/* Begin PBXProject section */
		26C88E4724541337008B4C06 /* Project object */ = {
			isa = PBXProject;
			attributes = {
				LastSwiftUpdateCheck = 1140;
				LastUpgradeCheck = 1140;
				ORGANIZATIONNAME = "Jz D";
				TargetAttributes = {
					26C88E4E24541337008B4C06 = {
						CreatedOnToolsVersion = 11.4;
					};
					26C88E642454133A008B4C06 = {
						CreatedOnToolsVersion = 11.4;
						TestTargetID = 26C88E4E24541337008B4C06;
					};
					26C88E6F2454133A008B4C06 = {
						CreatedOnToolsVersion = 11.4;
						TestTargetID = 26C88E4E24541337008B4C06;
					};
				};
			};
			buildConfigurationList = 26C88E4A24541337008B4C06 /* Build configuration list for PBXProject "One" */;
			compatibilityVersion = "Xcode 9.3";
			developmentRegion = en;
			hasScannedForEncodings = 0;
			knownRegions = (
				en,
				Base,
			);
			mainGroup = 26C88E4624541337008B4C06;
			productRefGroup = 26C88E5024541337008B4C06 /* Products */;
			projectDirPath = "";
			projectRoot = "";
			targets = (
				26C88E4E24541337008B4C06 /* One */,
				26C88E642454133A008B4C06 /* OneTests */,
				26C88E6F2454133A008B4C06 /* OneUITests */,
			);
		};
/* End PBXProject section */

/* Begin PBXResourcesBuildPhase section */
		26C88E4D24541337008B4C06 /* Resources */ = {
			isa = PBXResourcesBuildPhase;
			buildActionMask = 2147483647;
			files = (
				26C88E5F2454133A008B4C06 /* LaunchScreen.storyboard in Resources */,
				26C88E5C2454133A008B4C06 /* Assets.xcassets in Resources */,
				26C88E5A24541337008B4C06 /* Main.storyboard in Resources */,
			);
			runOnlyForDeploymentPostprocessing = 0;
		};
		26C88E632454133A008B4C06 /* Resources */ = {
			isa = PBXResourcesBuildPhase;
			buildActionMask = 2147483647;
			files = (
			);
			runOnlyForDeploymentPostprocessing = 0;
		};
		26C88E6E2454133A008B4C06 /* Resources */ = {
			isa = PBXResourcesBuildPhase;
			buildActionMask = 2147483647;
			files = (
			);
			runOnlyForDeploymentPostprocessing = 0;
		};
/* End PBXResourcesBuildPhase section */

/* Begin PBXSourcesBuildPhase section */
		26C88E4B24541337008B4C06 /* Sources */ = {
			isa = PBXSourcesBuildPhase;
			buildActionMask = 2147483647;
			files = (
				26C88E5724541337008B4C06 /* ViewController.swift in Sources */,
				26C88E5324541337008B4C06 /* AppDelegate.swift in Sources */,
				26C88E5524541337008B4C06 /* SceneDelegate.swift in Sources */,
			);
			runOnlyForDeploymentPostprocessing = 0;
		};
		26C88E612454133A008B4C06 /* Sources */ = {
			isa = PBXSourcesBuildPhase;
			buildActionMask = 2147483647;
			files = (
				26C88E6A2454133A008B4C06 /* OneTests.swift in Sources */,
			);
			runOnlyForDeploymentPostprocessing = 0;
		};
		26C88E6C2454133A008B4C06 /* Sources */ = {
			isa = PBXSourcesBuildPhase;
			buildActionMask = 2147483647;
			files = (
				26C88E752454133A008B4C06 /* OneUITests.swift in Sources */,
			);
			runOnlyForDeploymentPostprocessing = 0;
		};
/* End PBXSourcesBuildPhase section */

/* Begin PBXTargetDependency section */
		26C88E672454133A008B4C06 /* PBXTargetDependency */ = {
			isa = PBXTargetDependency;
			target = 26C88E4E24541337008B4C06 /* One */;
			targetProxy = 26C88E662454133A008B4C06 /* PBXContainerItemProxy */;
		};
		26C88E722454133A008B4C06 /* PBXTargetDependency */ = {
			isa = PBXTargetDependency;
			target = 26C88E4E24541337008B4C06 /* One */;
			targetProxy = 26C88E712454133A008B4C06 /* PBXContainerItemProxy */;
		};
/* End PBXTargetDependency section */

/* Begin PBXVariantGroup section */
		26C88E5824541337008B4C06 /* Main.storyboard */ = {
			isa = PBXVariantGroup;
			children = (
				26C88E5924541337008B4C06 /* Base */,
			);
			name = Main.storyboard;
			sourceTree = "<group>";
		};
		26C88E5D2454133A008B4C06 /* LaunchScreen.storyboard */ = {
			isa = PBXVariantGroup;
			children = (
				26C88E5E2454133A008B4C06 /* Base */,
			);
			name = LaunchScreen.storyboard;
			sourceTree = "<group>";
		};
/* End PBXVariantGroup section */

/* Begin XCBuildConfiguration section */
		26C88E772454133A008B4C06 /* Debug */ = {
			isa = XCBuildConfiguration;
			buildSettings = {
				ALWAYS_SEARCH_USER_PATHS = NO;
				CLANG_ANALYZER_NONNULL = YES;
				CLANG_ANALYZER_NUMBER_OBJECT_CONVERSION = YES_AGGRESSIVE;
				CLANG_CXX_LANGUAGE_STANDARD = "gnu++14";
				CLANG_CXX_LIBRARY = "libc++";
				CLANG_ENABLE_MODULES = YES;
				CLANG_ENABLE_OBJC_ARC = YES;
				CLANG_ENABLE_OBJC_WEAK = YES;
				CLANG_WARN_BLOCK_CAPTURE_AUTORELEASING = YES;
				CLANG_WARN_BOOL_CONVERSION = YES;
				CLANG_WARN_COMMA = YES;
				CLANG_WARN_CONSTANT_CONVERSION = YES;
				CLANG_WARN_DEPRECATED_OBJC_IMPLEMENTATIONS = YES;
				CLANG_WARN_DIRECT_OBJC_ISA_USAGE = YES_ERROR;
				CLANG_WARN_DOCUMENTATION_COMMENTS = YES;
				CLANG_WARN_EMPTY_BODY = YES;
				CLANG_WARN_ENUM_CONVERSION = YES;
				CLANG_WARN_INFINITE_RECURSION = YES;
				CLANG_WARN_INT_CONVERSION = YES;
				CLANG_WARN_NON_LITERAL_NULL_CONVERSION = YES;
				CLANG_WARN_OBJC_IMPLICIT_RETAIN_SELF = YES;
				CLANG_WARN_OBJC_LITERAL_CONVERSION = YES;
				CLANG_WARN_OBJC_ROOT_CLASS = YES_ERROR;
				CLANG_WARN_RANGE_LOOP_ANALYSIS = YES;
				CLANG_WARN_STRICT_PROTOTYPES = YES;
				CLANG_WARN_SUSPICIOUS_MOVE = YES;
				CLANG_WARN_UNGUARDED_AVAILABILITY = YES_AGGRESSIVE;
				CLANG_WARN_UNREACHABLE_CODE = YES;
				CLANG_WARN__DUPLICATE_METHOD_MATCH = YES;
				COPY_PHASE_STRIP = NO;
				DEBUG_INFORMATION_FORMAT = dwarf;
				ENABLE_STRICT_OBJC_MSGSEND = YES;
				ENABLE_TESTABILITY = YES;
				GCC_C_LANGUAGE_STANDARD = gnu11;
				GCC_DYNAMIC_NO_PIC = NO;
				GCC_NO_COMMON_BLOCKS = YES;
				GCC_OPTIMIZATION_LEVEL = 0;
				GCC_PREPROCESSOR_DEFINITIONS = (
					"DEBUG=1",
					"$(inherited)",
				);
				GCC_WARN_64_TO_32_BIT_CONVERSION = YES;
				GCC_WARN_ABOUT_RETURN_TYPE = YES_ERROR;
				GCC_WARN_UNDECLARED_SELECTOR = YES;
				GCC_WARN_UNINITIALIZED_AUTOS = YES_AGGRESSIVE;
				GCC_WARN_UNUSED_FUNCTION = YES;
				GCC_WARN_UNUSED_VARIABLE = YES;
				IPHONEOS_DEPLOYMENT_TARGET = 13.4;
				MTL_ENABLE_DEBUG_INFO = INCLUDE_SOURCE;
				MTL_FAST_MATH = YES;
				ONLY_ACTIVE_ARCH = YES;
				SDKROOT = iphoneos;
				SWIFT_ACTIVE_COMPILATION_CONDITIONS = DEBUG;
				SWIFT_OPTIMIZATION_LEVEL = "-Onone";
			};
			name = Debug;
		};
		26C88E782454133A008B4C06 /* Release */ = {
			isa = XCBuildConfiguration;
			buildSettings = {
				ALWAYS_SEARCH_USER_PATHS = NO;
				CLANG_ANALYZER_NONNULL = YES;
				CLANG_ANALYZER_NUMBER_OBJECT_CONVERSION = YES_AGGRESSIVE;
				CLANG_CXX_LANGUAGE_STANDARD = "gnu++14";
				CLANG_CXX_LIBRARY = "libc++";
				CLANG_ENABLE_MODULES = YES;
				CLANG_ENABLE_OBJC_ARC = YES;
				CLANG_ENABLE_OBJC_WEAK = YES;
				CLANG_WARN_BLOCK_CAPTURE_AUTORELEASING = YES;
				CLANG_WARN_BOOL_CONVERSION = YES;
				CLANG_WARN_COMMA = YES;
				CLANG_WARN_CONSTANT_CONVERSION = YES;
				CLANG_WARN_DEPRECATED_OBJC_IMPLEMENTATIONS = YES;
				CLANG_WARN_DIRECT_OBJC_ISA_USAGE = YES_ERROR;
				CLANG_WARN_DOCUMENTATION_COMMENTS = YES;
				CLANG_WARN_EMPTY_BODY = YES;
				CLANG_WARN_ENUM_CONVERSION = YES;
				CLANG_WARN_INFINITE_RECURSION = YES;
				CLANG_WARN_INT_CONVERSION = YES;
				CLANG_WARN_NON_LITERAL_NULL_CONVERSION = YES;
				CLANG_WARN_OBJC_IMPLICIT_RETAIN_SELF = YES;
				CLANG_WARN_OBJC_LITERAL_CONVERSION = YES;
				CLANG_WARN_OBJC_ROOT_CLASS = YES_ERROR;
				CLANG_WARN_RANGE_LOOP_ANALYSIS = YES;
				CLANG_WARN_STRICT_PROTOTYPES = YES;
				CLANG_WARN_SUSPICIOUS_MOVE = YES;
				CLANG_WARN_UNGUARDED_AVAILABILITY = YES_AGGRESSIVE;
				CLANG_WARN_UNREACHABLE_CODE = YES;
				CLANG_WARN__DUPLICATE_METHOD_MATCH = YES;
				COPY_PHASE_STRIP = NO;
				DEBUG_INFORMATION_FORMAT = "dwarf-with-dsym";
				ENABLE_NS_ASSERTIONS = NO;
				ENABLE_STRICT_OBJC_MSGSEND = YES;
				GCC_C_LANGUAGE_STANDARD = gnu11;
				GCC_NO_COMMON_BLOCKS = YES;
				GCC_WARN_64_TO_32_BIT_CONVERSION = YES;
				GCC_WARN_ABOUT_RETURN_TYPE = YES_ERROR;
				GCC_WARN_UNDECLARED_SELECTOR = YES;
				GCC_WARN_UNINITIALIZED_AUTOS = YES_AGGRESSIVE;
				GCC_WARN_UNUSED_FUNCTION = YES;
				GCC_WARN_UNUSED_VARIABLE = YES;
				IPHONEOS_DEPLOYMENT_TARGET = 13.4;
				MTL_ENABLE_DEBUG_INFO = NO;
				MTL_FAST_MATH = YES;
				SDKROOT = iphoneos;
				SWIFT_COMPILATION_MODE = wholemodule;
				SWIFT_OPTIMIZATION_LEVEL = "-O";
				VALIDATE_PRODUCT = YES;
			};
			name = Release;
		};
		26C88E7A2454133B008B4C06 /* Debug */ = {
			isa = XCBuildConfiguration;
			buildSettings = {
				ASSETCATALOG_COMPILER_APPICON_NAME = AppIcon;
				CODE_SIGN_STYLE = Automatic;
				DEVELOPMENT_TEAM = D878P8TW6L;
				INFOPLIST_FILE = One/Info.plist;
				LD_RUNPATH_SEARCH_PATHS = (
					"$(inherited)",
					"@executable_path/Frameworks",
				);
				PRODUCT_BUNDLE_IDENTIFIER = com.photod.mnc.One;
				PRODUCT_NAME = "$(TARGET_NAME)";
				SWIFT_VERSION = 5.0;
				TARGETED_DEVICE_FAMILY = "1,2";
			};
			name = Debug;
		};
		26C88E7B2454133B008B4C06 /* Release */ = {
			isa = XCBuildConfiguration;
			buildSettings = {
				ASSETCATALOG_COMPILER_APPICON_NAME = AppIcon;
				CODE_SIGN_STYLE = Automatic;
				DEVELOPMENT_TEAM = D878P8TW6L;
				INFOPLIST_FILE = One/Info.plist;
				LD_RUNPATH_SEARCH_PATHS = (
					"$(inherited)",
					"@executable_path/Frameworks",
				);
				PRODUCT_BUNDLE_IDENTIFIER = com.photod.mnc.One;
				PRODUCT_NAME = "$(TARGET_NAME)";
				SWIFT_VERSION = 5.0;
				TARGETED_DEVICE_FAMILY = "1,2";
			};
			name = Release;
		};
		26C88E7D2454133B008B4C06 /* Debug */ = {
			isa = XCBuildConfiguration;
			buildSettings = {
				ALWAYS_EMBED_SWIFT_STANDARD_LIBRARIES = YES;
				BUNDLE_LOADER = "$(TEST_HOST)";
				CODE_SIGN_STYLE = Automatic;
				DEVELOPMENT_TEAM = D878P8TW6L;
				INFOPLIST_FILE = OneTests/Info.plist;
				IPHONEOS_DEPLOYMENT_TARGET = 13.4;
				LD_RUNPATH_SEARCH_PATHS = (
					"$(inherited)",
					"@executable_path/Frameworks",
					"@loader_path/Frameworks",
				);
				PRODUCT_BUNDLE_IDENTIFIER = com.photod.mnc.OneTests;
				PRODUCT_NAME = "$(TARGET_NAME)";
				SWIFT_VERSION = 5.0;
				TARGETED_DEVICE_FAMILY = "1,2";
				TEST_HOST = "$(BUILT_PRODUCTS_DIR)/One.app/One";
			};
			name = Debug;
		};
		26C88E7E2454133B008B4C06 /* Release */ = {
			isa = XCBuildConfiguration;
			buildSettings = {
				ALWAYS_EMBED_SWIFT_STANDARD_LIBRARIES = YES;
				BUNDLE_LOADER = "$(TEST_HOST)";
				CODE_SIGN_STYLE = Automatic;
				DEVELOPMENT_TEAM = D878P8TW6L;
				INFOPLIST_FILE = OneTests/Info.plist;
				IPHONEOS_DEPLOYMENT_TARGET = 13.4;
				LD_RUNPATH_SEARCH_PATHS = (
					"$(inherited)",
					"@executable_path/Frameworks",
					"@loader_path/Frameworks",
				);
				PRODUCT_BUNDLE_IDENTIFIER = com.photod.mnc.OneTests;
				PRODUCT_NAME = "$(TARGET_NAME)";
				SWIFT_VERSION = 5.0;
				TARGETED_DEVICE_FAMILY = "1,2";
				TEST_HOST = "$(BUILT_PRODUCTS_DIR)/One.app/One";
			};
			name = Release;
		};
		26C88E802454133B008B4C06 /* Debug */ = {
			isa = XCBuildConfiguration;
			buildSettings = {
				ALWAYS_EMBED_SWIFT_STANDARD_LIBRARIES = YES;
				CODE_SIGN_STYLE = Automatic;
				DEVELOPMENT_TEAM = D878P8TW6L;
				INFOPLIST_FILE = OneUITests/Info.plist;
				LD_RUNPATH_SEARCH_PATHS = (
					"$(inherited)",
					"@executable_path/Frameworks",
					"@loader_path/Frameworks",
				);
				PRODUCT_BUNDLE_IDENTIFIER = com.photod.mnc.OneUITests;
				PRODUCT_NAME = "$(TARGET_NAME)";
				SWIFT_VERSION = 5.0;
				TARGETED_DEVICE_FAMILY = "1,2";
				TEST_TARGET_NAME = One;
			};
			name = Debug;
		};
		26C88E812454133B008B4C06 /* Release */ = {
			isa = XCBuildConfiguration;
			buildSettings = {
				ALWAYS_EMBED_SWIFT_STANDARD_LIBRARIES = YES;
				CODE_SIGN_STYLE = Automatic;
				DEVELOPMENT_TEAM = D878P8TW6L;
				INFOPLIST_FILE = OneUITests/Info.plist;
				LD_RUNPATH_SEARCH_PATHS = (
					"$(inherited)",
					"@executable_path/Frameworks",
					"@loader_path/Frameworks",
				);
				PRODUCT_BUNDLE_IDENTIFIER = com.photod.mnc.OneUITests;
				PRODUCT_NAME = "$(TARGET_NAME)";
				SWIFT_VERSION = 5.0;
				TARGETED_DEVICE_FAMILY = "1,2";
				TEST_TARGET_NAME = One;
			};
			name = Release;
		};
/* End XCBuildConfiguration section */

/* Begin XCConfigurationList section */
		26C88E4A24541337008B4C06 /* Build configuration list for PBXProject "One" */ = {
			isa = XCConfigurationList;
			buildConfigurations = (
				26C88E772454133A008B4C06 /* Debug */,
				26C88E782454133A008B4C06 /* Release */,
			);
			defaultConfigurationIsVisible = 0;
			defaultConfigurationName = Release;
		};
		26C88E792454133B008B4C06 /* Build configuration list for PBXNativeTarget "One" */ = {
			isa = XCConfigurationList;
			buildConfigurations = (
				26C88E7A2454133B008B4C06 /* Debug */,
				26C88E7B2454133B008B4C06 /* Release */,
			);
			defaultConfigurationIsVisible = 0;
			defaultConfigurationName = Release;
		};
		26C88E7C2454133B008B4C06 /* Build configuration list for PBXNativeTarget "OneTests" */ = {
			isa = XCConfigurationList;
			buildConfigurations = (
				26C88E7D2454133B008B4C06 /* Debug */,
				26C88E7E2454133B008B4C06 /* Release */,
			);
			defaultConfigurationIsVisible = 0;
			defaultConfigurationName = Release;
		};
		26C88E7F2454133B008B4C06 /* Build configuration list for PBXNativeTarget "OneUITests" */ = {
			isa = XCConfigurationList;
			buildConfigurations = (
				26C88E802454133B008B4C06 /* Debug */,
				26C88E812454133B008B4C06 /* Release */,
			);
			defaultConfigurationIsVisible = 0;
			defaultConfigurationName = Release;
		};
/* End XCConfigurationList section */
	};
	rootObject = 26C88E4724541337008B4C06 /* Project object */;
}
